// !$*UTF8*$!
{
	archiveVersion = 1;
	classes = {
	};
	objectVersion = 55;
	objects = {

/* Begin PBXBuildFile section */
		2721B992298687A800FB68D2 /* AppDelegate.swift in Sources */ = {isa = PBXBuildFile; fileRef = 2721B991298687A800FB68D2 /* AppDelegate.swift */; };
		2721B996298687A800FB68D2 /* ViewController.swift in Sources */ = {isa = PBXBuildFile; fileRef = 2721B995298687A800FB68D2 /* ViewController.swift */; };
		2721B99B298687AA00FB68D2 /* Assets.xcassets in Resources */ = {isa = PBXBuildFile; fileRef = 2721B99A298687AA00FB68D2 /* Assets.xcassets */; };
		2721B99E298687AA00FB68D2 /* LaunchScreen.storyboard in Resources */ = {isa = PBXBuildFile; fileRef = 2721B99C298687AA00FB68D2 /* LaunchScreen.storyboard */; };
		2721B9A9298687AA00FB68D2 /* WorldOfPAYBACKTests.swift in Sources */ = {isa = PBXBuildFile; fileRef = 2721B9A8298687AA00FB68D2 /* WorldOfPAYBACKTests.swift */; };
		2721B9B3298687AA00FB68D2 /* WorldOfPAYBACKUITests.swift in Sources */ = {isa = PBXBuildFile; fileRef = 2721B9B2298687AA00FB68D2 /* WorldOfPAYBACKUITests.swift */; };
		2721B9B5298687AA00FB68D2 /* WorldOfPAYBACKUITestsLaunchTests.swift in Sources */ = {isa = PBXBuildFile; fileRef = 2721B9B4298687AA00FB68D2 /* WorldOfPAYBACKUITestsLaunchTests.swift */; };
		2721B9C829868A3A00FB68D2 /* Container.swift in Sources */ = {isa = PBXBuildFile; fileRef = 2721B9C729868A3A00FB68D2 /* Container.swift */; };
		2721B9CA29868AC300FB68D2 /* Support.swift in Sources */ = {isa = PBXBuildFile; fileRef = 2721B9C929868AC300FB68D2 /* Support.swift */; };
		2721B9D829868D2200FB68D2 /* AsyncTransformer.swift in Sources */ = {isa = PBXBuildFile; fileRef = 2721B9CD29868D2200FB68D2 /* AsyncTransformer.swift */; };
		2721B9D929868D2200FB68D2 /* AsyncTransformable+Factories.swift in Sources */ = {isa = PBXBuildFile; fileRef = 2721B9CE29868D2200FB68D2 /* AsyncTransformable+Factories.swift */; };
		2721B9DA29868D2200FB68D2 /* MapTrasformer.swift in Sources */ = {isa = PBXBuildFile; fileRef = 2721B9CF29868D2200FB68D2 /* MapTrasformer.swift */; };
		2721B9DB29868D2200FB68D2 /* AsyncTransformable.swift in Sources */ = {isa = PBXBuildFile; fileRef = 2721B9D029868D2200FB68D2 /* AsyncTransformable.swift */; };
		2721B9DC29868D2200FB68D2 /* AsyncTransformBlock.swift in Sources */ = {isa = PBXBuildFile; fileRef = 2721B9D129868D2200FB68D2 /* AsyncTransformBlock.swift */; };
		2721B9DD29868D2200FB68D2 /* AsyncTransformable+Pipeline.swift in Sources */ = {isa = PBXBuildFile; fileRef = 2721B9D229868D2200FB68D2 /* AsyncTransformable+Pipeline.swift */; };
		2721B9DE29868D2200FB68D2 /* Cancelable.swift in Sources */ = {isa = PBXBuildFile; fileRef = 2721B9D429868D2200FB68D2 /* Cancelable.swift */; };
		2721B9DF29868D2200FB68D2 /* CancelableBag.swift in Sources */ = {isa = PBXBuildFile; fileRef = 2721B9D529868D2200FB68D2 /* CancelableBag.swift */; };
		2721B9E029868D2200FB68D2 /* NoopCancelable.swift in Sources */ = {isa = PBXBuildFile; fileRef = 2721B9D629868D2200FB68D2 /* NoopCancelable.swift */; };
		2721B9E129868D2200FB68D2 /* AnyCancelable.swift in Sources */ = {isa = PBXBuildFile; fileRef = 2721B9D729868D2200FB68D2 /* AnyCancelable.swift */; };
		2721B9E329868DB500FB68D2 /* Completion.swift in Sources */ = {isa = PBXBuildFile; fileRef = 2721B9E229868DB500FB68D2 /* Completion.swift */; };
		2721B9E529868E7E00FB68D2 /* ApplicationAssembly.swift in Sources */ = {isa = PBXBuildFile; fileRef = 2721B9E429868E7E00FB68D2 /* ApplicationAssembly.swift */; };
		2721B9E929868F5100FB68D2 /* Money.swift in Sources */ = {isa = PBXBuildFile; fileRef = 2721B9E829868F5100FB68D2 /* Money.swift */; };
		2721B9EC29868F6B00FB68D2 /* Currency.swift in Sources */ = {isa = PBXBuildFile; fileRef = 2721B9EB29868F6B00FB68D2 /* Currency.swift */; };
		2721B9EE29868F7800FB68D2 /* Amount.swift in Sources */ = {isa = PBXBuildFile; fileRef = 2721B9ED29868F7800FB68D2 /* Amount.swift */; };
		2721B9F4298690B200FB68D2 /* MoneyTests.swift in Sources */ = {isa = PBXBuildFile; fileRef = 2721B9F3298690B200FB68D2 /* MoneyTests.swift */; };
		2721B9F62986921E00FB68D2 /* Result+Extensions.swift in Sources */ = {isa = PBXBuildFile; fileRef = 2721B9F52986921E00FB68D2 /* Result+Extensions.swift */; };
		2721B9FC2986931300FB68D2 /* TransactionItem.swift in Sources */ = {isa = PBXBuildFile; fileRef = 2721B9FB2986931300FB68D2 /* TransactionItem.swift */; };
		2721B9FE2986934200FB68D2 /* TransactionCategory.swift in Sources */ = {isa = PBXBuildFile; fileRef = 2721B9FD2986934200FB68D2 /* TransactionCategory.swift */; };
		2721BA00298693B400FB68D2 /* TransactionItemRepository.swift in Sources */ = {isa = PBXBuildFile; fileRef = 2721B9FF298693B400FB68D2 /* TransactionItemRepository.swift */; };
		2721BA02298693D300FB68D2 /* TransactionItemsQuery.swift in Sources */ = {isa = PBXBuildFile; fileRef = 2721BA01298693D300FB68D2 /* TransactionItemsQuery.swift */; };
		2721BA052986943300FB68D2 /* SumOfAllTransactionsHandling.swift in Sources */ = {isa = PBXBuildFile; fileRef = 2721BA042986943300FB68D2 /* SumOfAllTransactionsHandling.swift */; };
		2721BA072986946C00FB68D2 /* SumOfAllTransactionsHandler.swift in Sources */ = {isa = PBXBuildFile; fileRef = 2721BA062986946C00FB68D2 /* SumOfAllTransactionsHandler.swift */; };
		2721BA092986949B00FB68D2 /* CalculatedTransactions.swift in Sources */ = {isa = PBXBuildFile; fileRef = 2721BA082986949B00FB68D2 /* CalculatedTransactions.swift */; };
		2721BA0B298694ED00FB68D2 /* FetchAndSumTransactionsHandling.swift in Sources */ = {isa = PBXBuildFile; fileRef = 2721BA0A298694ED00FB68D2 /* FetchAndSumTransactionsHandling.swift */; };
		2721BA0D2986950C00FB68D2 /* TransactionItemsWithSum.swift in Sources */ = {isa = PBXBuildFile; fileRef = 2721BA0C2986950C00FB68D2 /* TransactionItemsWithSum.swift */; };
		2721BA0F298695A000FB68D2 /* FetchAndSumTransactionsHandler.swift in Sources */ = {isa = PBXBuildFile; fileRef = 2721BA0E298695A000FB68D2 /* FetchAndSumTransactionsHandler.swift */; };
		2721BA112986963000FB68D2 /* TransactionsSumByCurrencyCalculator.swift in Sources */ = {isa = PBXBuildFile; fileRef = 2721BA102986963000FB68D2 /* TransactionsSumByCurrencyCalculator.swift */; };
		2721BA1729869E7C00FB68D2 /* FetchAndSumTransactionsHandlerTests.swift in Sources */ = {isa = PBXBuildFile; fileRef = 2721BA1629869E7C00FB68D2 /* FetchAndSumTransactionsHandlerTests.swift */; };
		2721BA1A2986A50300FB68D2 /* MockTransactionItemRepository.swift in Sources */ = {isa = PBXBuildFile; fileRef = 2721BA192986A50300FB68D2 /* MockTransactionItemRepository.swift */; };
		2721BA1C2986A5D800FB68D2 /* MockTransactionItemBuilder.swift in Sources */ = {isa = PBXBuildFile; fileRef = 2721BA1B2986A5D800FB68D2 /* MockTransactionItemBuilder.swift */; };
		2721BA1E2986B74200FB68D2 /* Optional+Extensions.swift in Sources */ = {isa = PBXBuildFile; fileRef = 2721BA1D2986B74200FB68D2 /* Optional+Extensions.swift */; };
		2721BA202986B89B00FB68D2 /* SumOfAllTransactionsTests.swift in Sources */ = {isa = PBXBuildFile; fileRef = 2721BA1F2986B89B00FB68D2 /* SumOfAllTransactionsTests.swift */; };
		2721BA232986BA2A00FB68D2 /* TransactionsSumByCurrencyCalculatorTests.swift in Sources */ = {isa = PBXBuildFile; fileRef = 2721BA222986BA2A00FB68D2 /* TransactionsSumByCurrencyCalculatorTests.swift */; };
		2721BA252986BB4D00FB68D2 /* TransactionItemQueryTests.swift in Sources */ = {isa = PBXBuildFile; fileRef = 2721BA242986BB4D00FB68D2 /* TransactionItemQueryTests.swift */; };
		2721BA292986BDF700FB68D2 /* TransactionItemsPresenter.swift in Sources */ = {isa = PBXBuildFile; fileRef = 2721BA282986BDF600FB68D2 /* TransactionItemsPresenter.swift */; };
		2721BA2B2986C2A000FB68D2 /* TransactionItemViewData.swift in Sources */ = {isa = PBXBuildFile; fileRef = 2721BA2A2986C2A000FB68D2 /* TransactionItemViewData.swift */; };
		2721BA2D2986C2B200FB68D2 /* TransactionItemsFlowCoordinating.swift in Sources */ = {isa = PBXBuildFile; fileRef = 2721BA2C2986C2B200FB68D2 /* TransactionItemsFlowCoordinating.swift */; };
		2721BA2F2986C2C100FB68D2 /* TransactionItemsEventHandling.swift in Sources */ = {isa = PBXBuildFile; fileRef = 2721BA2E2986C2C100FB68D2 /* TransactionItemsEventHandling.swift */; };
		2721BA312986C2D200FB68D2 /* TransactionItemsViewInterface.swift in Sources */ = {isa = PBXBuildFile; fileRef = 2721BA302986C2D200FB68D2 /* TransactionItemsViewInterface.swift */; };
		2721BA342986C34500FB68D2 /* TransactionItemViewDataBuilder.swift in Sources */ = {isa = PBXBuildFile; fileRef = 2721BA332986C34500FB68D2 /* TransactionItemViewDataBuilder.swift */; };
		2721BA382986C52900FB68D2 /* DateFormatting.swift in Sources */ = {isa = PBXBuildFile; fileRef = 2721BA372986C52900FB68D2 /* DateFormatting.swift */; };
		2721BA3A2986C57B00FB68D2 /* CurrencyFormatting.swift in Sources */ = {isa = PBXBuildFile; fileRef = 2721BA392986C57B00FB68D2 /* CurrencyFormatting.swift */; };
		2721BA3D2986C71D00FB68D2 /* TransactionItemsQueryBuilder.swift in Sources */ = {isa = PBXBuildFile; fileRef = 2721BA3C2986C71D00FB68D2 /* TransactionItemsQueryBuilder.swift */; };
		2721BA402986D92D00FB68D2 /* TransactionItemsQueryViewData.swift in Sources */ = {isa = PBXBuildFile; fileRef = 2721BA3F2986D92D00FB68D2 /* TransactionItemsQueryViewData.swift */; };
		2721BA422986D94900FB68D2 /* TransactionItemsQueryViewInterface.swift in Sources */ = {isa = PBXBuildFile; fileRef = 2721BA412986D94900FB68D2 /* TransactionItemsQueryViewInterface.swift */; };
		2721BA442986D96800FB68D2 /* TransactionItemsQueryEventHandling.swift in Sources */ = {isa = PBXBuildFile; fileRef = 2721BA432986D96800FB68D2 /* TransactionItemsQueryEventHandling.swift */; };
		2721BA482986D99000FB68D2 /* TransactionItemsQueryPresenter.swift in Sources */ = {isa = PBXBuildFile; fileRef = 2721BA472986D99000FB68D2 /* TransactionItemsQueryPresenter.swift */; };
		2721BA4A2986DB4200FB68D2 /* TransactionItemsQueryViewDataBuilder.swift in Sources */ = {isa = PBXBuildFile; fileRef = 2721BA492986DB4200FB68D2 /* TransactionItemsQueryViewDataBuilder.swift */; };
		2721BA4D2986DFBD00FB68D2 /* TransactionItemsQueryLocalisation.swift in Sources */ = {isa = PBXBuildFile; fileRef = 2721BA4C2986DFBD00FB68D2 /* TransactionItemsQueryLocalisation.swift */; };
		2721BA4F2986E03800FB68D2 /* TransactionItemsQueryFlowCoordinating.swift in Sources */ = {isa = PBXBuildFile; fileRef = 2721BA4E2986E03800FB68D2 /* TransactionItemsQueryFlowCoordinating.swift */; };
		2721BA552986E80100FB68D2 /* MockTransactionItemsQueryLocalisation.swift in Sources */ = {isa = PBXBuildFile; fileRef = 2721BA542986E80100FB68D2 /* MockTransactionItemsQueryLocalisation.swift */; };
		2721BA572986E87900FB68D2 /* TransactionItemsQueryPresenterTests.swift in Sources */ = {isa = PBXBuildFile; fileRef = 2721BA562986E87900FB68D2 /* TransactionItemsQueryPresenterTests.swift */; };
		2721BA592987029400FB68D2 /* MultiTransactionCategoriesQueryBuilder.swift in Sources */ = {isa = PBXBuildFile; fileRef = 2721BA582987029400FB68D2 /* MultiTransactionCategoriesQueryBuilder.swift */; };
		2721BA5B298702AB00FB68D2 /* OneTransactionCategoryQueryBuilder.swift in Sources */ = {isa = PBXBuildFile; fileRef = 2721BA5A298702AB00FB68D2 /* OneTransactionCategoryQueryBuilder.swift */; };
		2721BA5E2987030000FB68D2 /* MultiTransactionCategoriesQueryBuilderTests.swift in Sources */ = {isa = PBXBuildFile; fileRef = 2721BA5D2987030000FB68D2 /* MultiTransactionCategoriesQueryBuilderTests.swift */; };
		2721BA60298703BC00FB68D2 /* OneTransactionCategoryQueryBuilderTests.swift in Sources */ = {isa = PBXBuildFile; fileRef = 2721BA5F298703BC00FB68D2 /* OneTransactionCategoryQueryBuilderTests.swift */; };
		2721BA63298707CF00FB68D2 /* ActivityState.swift in Sources */ = {isa = PBXBuildFile; fileRef = 2721BA62298707CF00FB68D2 /* ActivityState.swift */; };
		2721BA652987083C00FB68D2 /* ActivityStatePublisher.swift in Sources */ = {isa = PBXBuildFile; fileRef = 2721BA642987083C00FB68D2 /* ActivityStatePublisher.swift */; };
		2721BA672987105300FB68D2 /* CurrencyTransactionItemsViewData.swift in Sources */ = {isa = PBXBuildFile; fileRef = 2721BA662987105300FB68D2 /* CurrencyTransactionItemsViewData.swift */; };
		2721BA69298713CA00FB68D2 /* CurrencyTransactionItemsViewDataBuilder.swift in Sources */ = {isa = PBXBuildFile; fileRef = 2721BA68298713CA00FB68D2 /* CurrencyTransactionItemsViewDataBuilder.swift */; };
		2721BA6B298716F900FB68D2 /* TransactionItemsLocalisation.swift in Sources */ = {isa = PBXBuildFile; fileRef = 2721BA6A298716F900FB68D2 /* TransactionItemsLocalisation.swift */; };
		2721BA6D2987181000FB68D2 /* TransactionsFlowCoordinator.swift in Sources */ = {isa = PBXBuildFile; fileRef = 2721BA6C2987181000FB68D2 /* TransactionsFlowCoordinator.swift */; };
		2721BA70298718CA00FB68D2 /* TransactionItemsPresenterTests.swift in Sources */ = {isa = PBXBuildFile; fileRef = 2721BA6F298718CA00FB68D2 /* TransactionItemsPresenterTests.swift */; };
		2721BA7329871AA300FB68D2 /* MockDateFormatter.swift in Sources */ = {isa = PBXBuildFile; fileRef = 2721BA7229871AA300FB68D2 /* MockDateFormatter.swift */; };
		2721BA7529871B0900FB68D2 /* MockCurrencyFormatter.swift in Sources */ = {isa = PBXBuildFile; fileRef = 2721BA7429871B0900FB68D2 /* MockCurrencyFormatter.swift */; };
		2721BA7929872A0F00FB68D2 /* TransactionDetailsPresenter.swift in Sources */ = {isa = PBXBuildFile; fileRef = 2721BA7829872A0F00FB68D2 /* TransactionDetailsPresenter.swift */; };
		2721BA7B29872B6A00FB68D2 /* TransactionDetailsViewData.swift in Sources */ = {isa = PBXBuildFile; fileRef = 2721BA7A29872B6A00FB68D2 /* TransactionDetailsViewData.swift */; };
		2721BA7D29872B7B00FB68D2 /* TransactionDetailsEventHandling.swift in Sources */ = {isa = PBXBuildFile; fileRef = 2721BA7C29872B7B00FB68D2 /* TransactionDetailsEventHandling.swift */; };
		2721BA7F29872B8800FB68D2 /* TransactionDetailsViewInterface.swift in Sources */ = {isa = PBXBuildFile; fileRef = 2721BA7E29872B8800FB68D2 /* TransactionDetailsViewInterface.swift */; };
		2721BA8229872C2400FB68D2 /* TransactionDetailsPresenterTests.swift in Sources */ = {isa = PBXBuildFile; fileRef = 2721BA8129872C2400FB68D2 /* TransactionDetailsPresenterTests.swift */; };
		2721BA8A29872DF800FB68D2 /* TransactionItemsViewController.swift in Sources */ = {isa = PBXBuildFile; fileRef = 2721BA8929872DF800FB68D2 /* TransactionItemsViewController.swift */; };
		2721BA8C29872E1300FB68D2 /* TransactionItemsQueryViewController.swift in Sources */ = {isa = PBXBuildFile; fileRef = 2721BA8B29872E1300FB68D2 /* TransactionItemsQueryViewController.swift */; };
		2721BA8E29872E3100FB68D2 /* TransactionDetailsViewController.swift in Sources */ = {isa = PBXBuildFile; fileRef = 2721BA8D29872E3100FB68D2 /* TransactionDetailsViewController.swift */; };
		2721BA9029872ECA00FB68D2 /* UIView+Extensions.swift in Sources */ = {isa = PBXBuildFile; fileRef = 2721BA8F29872ECA00FB68D2 /* UIView+Extensions.swift */; };
		2721BA9229872EFC00FB68D2 /* UIViewController+Extensions.swift in Sources */ = {isa = PBXBuildFile; fileRef = 2721BA9129872EFC00FB68D2 /* UIViewController+Extensions.swift */; };
		2721BA9729872FD200FB68D2 /* JSONFileBasedTransactionItemRepository.swift in Sources */ = {isa = PBXBuildFile; fileRef = 2721BA9629872FD200FB68D2 /* JSONFileBasedTransactionItemRepository.swift */; };
		2721BA9929872FF100FB68D2 /* NetworkBasedTransactionItemRepository.swift in Sources */ = {isa = PBXBuildFile; fileRef = 2721BA9829872FF100FB68D2 /* NetworkBasedTransactionItemRepository.swift */; };
		2721BA9B298730AD00FB68D2 /* JSONFileLoader.swift in Sources */ = {isa = PBXBuildFile; fileRef = 2721BA9A298730AD00FB68D2 /* JSONFileLoader.swift */; };
		2721BA9D2987310200FB68D2 /* PBTransactions.json in Resources */ = {isa = PBXBuildFile; fileRef = 2721BA9C2987310200FB68D2 /* PBTransactions.json */; };
		2721BAA22987315400FB68D2 /* TransactionItemsResponse.swift in Sources */ = {isa = PBXBuildFile; fileRef = 2721BAA12987315400FB68D2 /* TransactionItemsResponse.swift */; };
		2721BAA5298731A800FB68D2 /* DecimalDecoder.swift in Sources */ = {isa = PBXBuildFile; fileRef = 2721BAA4298731A800FB68D2 /* DecimalDecoder.swift */; };
		2721BAA72987330F00FB68D2 /* Bundle+Current.swift in Sources */ = {isa = PBXBuildFile; fileRef = 2721BAA62987330F00FB68D2 /* Bundle+Current.swift */; };
		2721BAAA2987361200FB68D2 /* TransactionItemsMapper.swift in Sources */ = {isa = PBXBuildFile; fileRef = 2721BAA92987361200FB68D2 /* TransactionItemsMapper.swift */; };
		2721BAAC29873BC800FB68D2 /* TransactionItemsViewFactory.swift in Sources */ = {isa = PBXBuildFile; fileRef = 2721BAAB29873BC800FB68D2 /* TransactionItemsViewFactory.swift */; };
		2721BAAE2987A80100FB68D2 /* TransactionDetailsViewFactory.swift in Sources */ = {isa = PBXBuildFile; fileRef = 2721BAAD2987A80100FB68D2 /* TransactionDetailsViewFactory.swift */; };
		2721BAB02987A84700FB68D2 /* TransactionItemsQueryViewFactory.swift in Sources */ = {isa = PBXBuildFile; fileRef = 2721BAAF2987A84700FB68D2 /* TransactionItemsQueryViewFactory.swift */; };
		2721BAB22987A88A00FB68D2 /* CurrencyMapper.swift in Sources */ = {isa = PBXBuildFile; fileRef = 2721BAB12987A88A00FB68D2 /* CurrencyMapper.swift */; };
		2721BAB42987A99100FB68D2 /* TransactionCategoryMapper.swift in Sources */ = {isa = PBXBuildFile; fileRef = 2721BAB32987A99100FB68D2 /* TransactionCategoryMapper.swift */; };
		2721BAB62987ADE300FB68D2 /* TransactionsAssembly.swift in Sources */ = {isa = PBXBuildFile; fileRef = 2721BAB52987ADE300FB68D2 /* TransactionsAssembly.swift */; };
		2721BABA2987B1E300FB68D2 /* DefaultCurrencyFormatter.swift in Sources */ = {isa = PBXBuildFile; fileRef = 2721BAB92987B1E300FB68D2 /* DefaultCurrencyFormatter.swift */; };
		2721BABC2987B1FB00FB68D2 /* DefaultDateFormatter.swift in Sources */ = {isa = PBXBuildFile; fileRef = 2721BABB2987B1FB00FB68D2 /* DefaultDateFormatter.swift */; };
		2721BAC12987DFA500FB68D2 /* JSONFileLoaderTests.swift in Sources */ = {isa = PBXBuildFile; fileRef = 2721BAC02987DFA400FB68D2 /* JSONFileLoaderTests.swift */; };
		2721BAC32987E23A00FB68D2 /* test-transactions-response.json in Resources */ = {isa = PBXBuildFile; fileRef = 2721BAC22987E23A00FB68D2 /* test-transactions-response.json */; };
		2721BAC92987E5AD00FB68D2 /* TransactionItemsMapperTests.swift in Sources */ = {isa = PBXBuildFile; fileRef = 2721BAC82987E5AD00FB68D2 /* TransactionItemsMapperTests.swift */; };
		2721BACB2987E8AA00FB68D2 /* TransactionCategoryMapperTests.swift in Sources */ = {isa = PBXBuildFile; fileRef = 2721BACA2987E8AA00FB68D2 /* TransactionCategoryMapperTests.swift */; };
		2721BACD2987E9D000FB68D2 /* CurrencyMapperTests.swift in Sources */ = {isa = PBXBuildFile; fileRef = 2721BACC2987E9D000FB68D2 /* CurrencyMapperTests.swift */; };
		2721BAD02987F01800FB68D2 /* TableViewController.swift in Sources */ = {isa = PBXBuildFile; fileRef = 2721BACF2987F01800FB68D2 /* TableViewController.swift */; };
		2721BAD42987F2E100FB68D2 /* AlertViewController.swift in Sources */ = {isa = PBXBuildFile; fileRef = 2721BAD32987F2E100FB68D2 /* AlertViewController.swift */; };
		2721BAD72987F82B00FB68D2 /* Reusable.swift in Sources */ = {isa = PBXBuildFile; fileRef = 2721BAD62987F82B00FB68D2 /* Reusable.swift */; };
		2721BAD92987F88C00FB68D2 /* UITableVIew+Reusable.swift in Sources */ = {isa = PBXBuildFile; fileRef = 2721BAD82987F88C00FB68D2 /* UITableVIew+Reusable.swift */; };
		2721BADD2987FB7400FB68D2 /* ApplicationLocalisation.swift in Sources */ = {isa = PBXBuildFile; fileRef = 2721BADC2987FB7400FB68D2 /* ApplicationLocalisation.swift */; };
		2721BADF2987FC1E00FB68D2 /* ApplicationLocalisation+AlertLocalisation.swift in Sources */ = {isa = PBXBuildFile; fileRef = 2721BADE2987FC1E00FB68D2 /* ApplicationLocalisation+AlertLocalisation.swift */; };
		2721BAE12987FD4F00FB68D2 /* ApplicationLocalisation+TransactionItemsLocalisation.swift in Sources */ = {isa = PBXBuildFile; fileRef = 2721BAE02987FD4F00FB68D2 /* ApplicationLocalisation+TransactionItemsLocalisation.swift */; };
		2721BAE32987FDFD00FB68D2 /* ApplicationLocalisation+TransactionItemsQueryLocalisation.swift in Sources */ = {isa = PBXBuildFile; fileRef = 2721BAE22987FDFD00FB68D2 /* ApplicationLocalisation+TransactionItemsQueryLocalisation.swift */; };
/* End PBXBuildFile section */

/* Begin PBXContainerItemProxy section */
		2721B9A5298687AA00FB68D2 /* PBXContainerItemProxy */ = {
			isa = PBXContainerItemProxy;
			containerPortal = 2721B986298687A800FB68D2 /* Project object */;
			proxyType = 1;
			remoteGlobalIDString = 2721B98D298687A800FB68D2;
			remoteInfo = WorldOfPAYBACK;
		};
		2721B9AF298687AA00FB68D2 /* PBXContainerItemProxy */ = {
			isa = PBXContainerItemProxy;
			containerPortal = 2721B986298687A800FB68D2 /* Project object */;
			proxyType = 1;
			remoteGlobalIDString = 2721B98D298687A800FB68D2;
			remoteInfo = WorldOfPAYBACK;
		};
/* End PBXContainerItemProxy section */

/* Begin PBXFileReference section */
		2721B98E298687A800FB68D2 /* WorldOfPAYBACK.app */ = {isa = PBXFileReference; explicitFileType = wrapper.application; includeInIndex = 0; path = WorldOfPAYBACK.app; sourceTree = BUILT_PRODUCTS_DIR; };
		2721B991298687A800FB68D2 /* AppDelegate.swift */ = {isa = PBXFileReference; lastKnownFileType = sourcecode.swift; path = AppDelegate.swift; sourceTree = "<group>"; };
		2721B995298687A800FB68D2 /* ViewController.swift */ = {isa = PBXFileReference; lastKnownFileType = sourcecode.swift; path = ViewController.swift; sourceTree = "<group>"; };
		2721B99A298687AA00FB68D2 /* Assets.xcassets */ = {isa = PBXFileReference; lastKnownFileType = folder.assetcatalog; path = Assets.xcassets; sourceTree = "<group>"; };
		2721B99D298687AA00FB68D2 /* Base */ = {isa = PBXFileReference; lastKnownFileType = file.storyboard; name = Base; path = Base.lproj/LaunchScreen.storyboard; sourceTree = "<group>"; };
		2721B99F298687AA00FB68D2 /* Info.plist */ = {isa = PBXFileReference; lastKnownFileType = text.plist.xml; path = Info.plist; sourceTree = "<group>"; };
		2721B9A4298687AA00FB68D2 /* WorldOfPAYBACKTests.xctest */ = {isa = PBXFileReference; explicitFileType = wrapper.cfbundle; includeInIndex = 0; path = WorldOfPAYBACKTests.xctest; sourceTree = BUILT_PRODUCTS_DIR; };
		2721B9A8298687AA00FB68D2 /* WorldOfPAYBACKTests.swift */ = {isa = PBXFileReference; lastKnownFileType = sourcecode.swift; path = WorldOfPAYBACKTests.swift; sourceTree = "<group>"; };
		2721B9AE298687AA00FB68D2 /* WorldOfPAYBACKUITests.xctest */ = {isa = PBXFileReference; explicitFileType = wrapper.cfbundle; includeInIndex = 0; path = WorldOfPAYBACKUITests.xctest; sourceTree = BUILT_PRODUCTS_DIR; };
		2721B9B2298687AA00FB68D2 /* WorldOfPAYBACKUITests.swift */ = {isa = PBXFileReference; lastKnownFileType = sourcecode.swift; path = WorldOfPAYBACKUITests.swift; sourceTree = "<group>"; };
		2721B9B4298687AA00FB68D2 /* WorldOfPAYBACKUITestsLaunchTests.swift */ = {isa = PBXFileReference; lastKnownFileType = sourcecode.swift; path = WorldOfPAYBACKUITestsLaunchTests.swift; sourceTree = "<group>"; };
		2721B9C729868A3A00FB68D2 /* Container.swift */ = {isa = PBXFileReference; lastKnownFileType = sourcecode.swift; path = Container.swift; sourceTree = "<group>"; };
		2721B9C929868AC300FB68D2 /* Support.swift */ = {isa = PBXFileReference; lastKnownFileType = sourcecode.swift; path = Support.swift; sourceTree = "<group>"; };
		2721B9CD29868D2200FB68D2 /* AsyncTransformer.swift */ = {isa = PBXFileReference; fileEncoding = 4; lastKnownFileType = sourcecode.swift; path = AsyncTransformer.swift; sourceTree = "<group>"; };
		2721B9CE29868D2200FB68D2 /* AsyncTransformable+Factories.swift */ = {isa = PBXFileReference; fileEncoding = 4; lastKnownFileType = sourcecode.swift; path = "AsyncTransformable+Factories.swift"; sourceTree = "<group>"; };
		2721B9CF29868D2200FB68D2 /* MapTrasformer.swift */ = {isa = PBXFileReference; fileEncoding = 4; lastKnownFileType = sourcecode.swift; path = MapTrasformer.swift; sourceTree = "<group>"; };
		2721B9D029868D2200FB68D2 /* AsyncTransformable.swift */ = {isa = PBXFileReference; fileEncoding = 4; lastKnownFileType = sourcecode.swift; path = AsyncTransformable.swift; sourceTree = "<group>"; };
		2721B9D129868D2200FB68D2 /* AsyncTransformBlock.swift */ = {isa = PBXFileReference; fileEncoding = 4; lastKnownFileType = sourcecode.swift; path = AsyncTransformBlock.swift; sourceTree = "<group>"; };
		2721B9D229868D2200FB68D2 /* AsyncTransformable+Pipeline.swift */ = {isa = PBXFileReference; fileEncoding = 4; lastKnownFileType = sourcecode.swift; path = "AsyncTransformable+Pipeline.swift"; sourceTree = "<group>"; };
		2721B9D429868D2200FB68D2 /* Cancelable.swift */ = {isa = PBXFileReference; fileEncoding = 4; lastKnownFileType = sourcecode.swift; path = Cancelable.swift; sourceTree = "<group>"; };
		2721B9D529868D2200FB68D2 /* CancelableBag.swift */ = {isa = PBXFileReference; fileEncoding = 4; lastKnownFileType = sourcecode.swift; path = CancelableBag.swift; sourceTree = "<group>"; };
		2721B9D629868D2200FB68D2 /* NoopCancelable.swift */ = {isa = PBXFileReference; fileEncoding = 4; lastKnownFileType = sourcecode.swift; path = NoopCancelable.swift; sourceTree = "<group>"; };
		2721B9D729868D2200FB68D2 /* AnyCancelable.swift */ = {isa = PBXFileReference; fileEncoding = 4; lastKnownFileType = sourcecode.swift; path = AnyCancelable.swift; sourceTree = "<group>"; };
		2721B9E229868DB500FB68D2 /* Completion.swift */ = {isa = PBXFileReference; lastKnownFileType = sourcecode.swift; path = Completion.swift; sourceTree = "<group>"; };
		2721B9E429868E7E00FB68D2 /* ApplicationAssembly.swift */ = {isa = PBXFileReference; lastKnownFileType = sourcecode.swift; path = ApplicationAssembly.swift; sourceTree = "<group>"; };
		2721B9E829868F5100FB68D2 /* Money.swift */ = {isa = PBXFileReference; lastKnownFileType = sourcecode.swift; path = Money.swift; sourceTree = "<group>"; };
		2721B9EB29868F6B00FB68D2 /* Currency.swift */ = {isa = PBXFileReference; lastKnownFileType = sourcecode.swift; path = Currency.swift; sourceTree = "<group>"; };
		2721B9ED29868F7800FB68D2 /* Amount.swift */ = {isa = PBXFileReference; lastKnownFileType = sourcecode.swift; path = Amount.swift; sourceTree = "<group>"; };
		2721B9F3298690B200FB68D2 /* MoneyTests.swift */ = {isa = PBXFileReference; lastKnownFileType = sourcecode.swift; path = MoneyTests.swift; sourceTree = "<group>"; };
		2721B9F52986921E00FB68D2 /* Result+Extensions.swift */ = {isa = PBXFileReference; lastKnownFileType = sourcecode.swift; path = "Result+Extensions.swift"; sourceTree = "<group>"; };
		2721B9FB2986931300FB68D2 /* TransactionItem.swift */ = {isa = PBXFileReference; lastKnownFileType = sourcecode.swift; path = TransactionItem.swift; sourceTree = "<group>"; };
		2721B9FD2986934200FB68D2 /* TransactionCategory.swift */ = {isa = PBXFileReference; lastKnownFileType = sourcecode.swift; path = TransactionCategory.swift; sourceTree = "<group>"; };
		2721B9FF298693B400FB68D2 /* TransactionItemRepository.swift */ = {isa = PBXFileReference; lastKnownFileType = sourcecode.swift; path = TransactionItemRepository.swift; sourceTree = "<group>"; };
		2721BA01298693D300FB68D2 /* TransactionItemsQuery.swift */ = {isa = PBXFileReference; lastKnownFileType = sourcecode.swift; path = TransactionItemsQuery.swift; sourceTree = "<group>"; };
		2721BA042986943300FB68D2 /* SumOfAllTransactionsHandling.swift */ = {isa = PBXFileReference; lastKnownFileType = sourcecode.swift; path = SumOfAllTransactionsHandling.swift; sourceTree = "<group>"; };
		2721BA062986946C00FB68D2 /* SumOfAllTransactionsHandler.swift */ = {isa = PBXFileReference; lastKnownFileType = sourcecode.swift; path = SumOfAllTransactionsHandler.swift; sourceTree = "<group>"; };
		2721BA082986949B00FB68D2 /* CalculatedTransactions.swift */ = {isa = PBXFileReference; lastKnownFileType = sourcecode.swift; path = CalculatedTransactions.swift; sourceTree = "<group>"; };
		2721BA0A298694ED00FB68D2 /* FetchAndSumTransactionsHandling.swift */ = {isa = PBXFileReference; lastKnownFileType = sourcecode.swift; path = FetchAndSumTransactionsHandling.swift; sourceTree = "<group>"; };
		2721BA0C2986950C00FB68D2 /* TransactionItemsWithSum.swift */ = {isa = PBXFileReference; lastKnownFileType = sourcecode.swift; path = TransactionItemsWithSum.swift; sourceTree = "<group>"; };
		2721BA0E298695A000FB68D2 /* FetchAndSumTransactionsHandler.swift */ = {isa = PBXFileReference; lastKnownFileType = sourcecode.swift; path = FetchAndSumTransactionsHandler.swift; sourceTree = "<group>"; };
		2721BA102986963000FB68D2 /* TransactionsSumByCurrencyCalculator.swift */ = {isa = PBXFileReference; lastKnownFileType = sourcecode.swift; path = TransactionsSumByCurrencyCalculator.swift; sourceTree = "<group>"; };
		2721BA1629869E7C00FB68D2 /* FetchAndSumTransactionsHandlerTests.swift */ = {isa = PBXFileReference; lastKnownFileType = sourcecode.swift; path = FetchAndSumTransactionsHandlerTests.swift; sourceTree = "<group>"; };
		2721BA192986A50300FB68D2 /* MockTransactionItemRepository.swift */ = {isa = PBXFileReference; lastKnownFileType = sourcecode.swift; path = MockTransactionItemRepository.swift; sourceTree = "<group>"; };
		2721BA1B2986A5D800FB68D2 /* MockTransactionItemBuilder.swift */ = {isa = PBXFileReference; lastKnownFileType = sourcecode.swift; path = MockTransactionItemBuilder.swift; sourceTree = "<group>"; };
		2721BA1D2986B74200FB68D2 /* Optional+Extensions.swift */ = {isa = PBXFileReference; lastKnownFileType = sourcecode.swift; path = "Optional+Extensions.swift"; sourceTree = "<group>"; };
		2721BA1F2986B89B00FB68D2 /* SumOfAllTransactionsTests.swift */ = {isa = PBXFileReference; lastKnownFileType = sourcecode.swift; path = SumOfAllTransactionsTests.swift; sourceTree = "<group>"; };
		2721BA222986BA2A00FB68D2 /* TransactionsSumByCurrencyCalculatorTests.swift */ = {isa = PBXFileReference; lastKnownFileType = sourcecode.swift; path = TransactionsSumByCurrencyCalculatorTests.swift; sourceTree = "<group>"; };
		2721BA242986BB4D00FB68D2 /* TransactionItemQueryTests.swift */ = {isa = PBXFileReference; lastKnownFileType = sourcecode.swift; path = TransactionItemQueryTests.swift; sourceTree = "<group>"; };
		2721BA282986BDF600FB68D2 /* TransactionItemsPresenter.swift */ = {isa = PBXFileReference; lastKnownFileType = sourcecode.swift; path = TransactionItemsPresenter.swift; sourceTree = "<group>"; };
		2721BA2A2986C2A000FB68D2 /* TransactionItemViewData.swift */ = {isa = PBXFileReference; lastKnownFileType = sourcecode.swift; path = TransactionItemViewData.swift; sourceTree = "<group>"; };
		2721BA2C2986C2B200FB68D2 /* TransactionItemsFlowCoordinating.swift */ = {isa = PBXFileReference; lastKnownFileType = sourcecode.swift; path = TransactionItemsFlowCoordinating.swift; sourceTree = "<group>"; };
		2721BA2E2986C2C100FB68D2 /* TransactionItemsEventHandling.swift */ = {isa = PBXFileReference; lastKnownFileType = sourcecode.swift; path = TransactionItemsEventHandling.swift; sourceTree = "<group>"; };
		2721BA302986C2D200FB68D2 /* TransactionItemsViewInterface.swift */ = {isa = PBXFileReference; lastKnownFileType = sourcecode.swift; path = TransactionItemsViewInterface.swift; sourceTree = "<group>"; };
		2721BA332986C34500FB68D2 /* TransactionItemViewDataBuilder.swift */ = {isa = PBXFileReference; lastKnownFileType = sourcecode.swift; path = TransactionItemViewDataBuilder.swift; sourceTree = "<group>"; };
		2721BA372986C52900FB68D2 /* DateFormatting.swift */ = {isa = PBXFileReference; lastKnownFileType = sourcecode.swift; path = DateFormatting.swift; sourceTree = "<group>"; };
		2721BA392986C57B00FB68D2 /* CurrencyFormatting.swift */ = {isa = PBXFileReference; lastKnownFileType = sourcecode.swift; path = CurrencyFormatting.swift; sourceTree = "<group>"; };
		2721BA3C2986C71D00FB68D2 /* TransactionItemsQueryBuilder.swift */ = {isa = PBXFileReference; lastKnownFileType = sourcecode.swift; path = TransactionItemsQueryBuilder.swift; sourceTree = "<group>"; };
		2721BA3F2986D92D00FB68D2 /* TransactionItemsQueryViewData.swift */ = {isa = PBXFileReference; lastKnownFileType = sourcecode.swift; path = TransactionItemsQueryViewData.swift; sourceTree = "<group>"; };
		2721BA412986D94900FB68D2 /* TransactionItemsQueryViewInterface.swift */ = {isa = PBXFileReference; lastKnownFileType = sourcecode.swift; path = TransactionItemsQueryViewInterface.swift; sourceTree = "<group>"; };
		2721BA432986D96800FB68D2 /* TransactionItemsQueryEventHandling.swift */ = {isa = PBXFileReference; lastKnownFileType = sourcecode.swift; path = TransactionItemsQueryEventHandling.swift; sourceTree = "<group>"; };
		2721BA472986D99000FB68D2 /* TransactionItemsQueryPresenter.swift */ = {isa = PBXFileReference; lastKnownFileType = sourcecode.swift; path = TransactionItemsQueryPresenter.swift; sourceTree = "<group>"; };
		2721BA492986DB4200FB68D2 /* TransactionItemsQueryViewDataBuilder.swift */ = {isa = PBXFileReference; lastKnownFileType = sourcecode.swift; path = TransactionItemsQueryViewDataBuilder.swift; sourceTree = "<group>"; };
		2721BA4C2986DFBD00FB68D2 /* TransactionItemsQueryLocalisation.swift */ = {isa = PBXFileReference; lastKnownFileType = sourcecode.swift; path = TransactionItemsQueryLocalisation.swift; sourceTree = "<group>"; };
		2721BA4E2986E03800FB68D2 /* TransactionItemsQueryFlowCoordinating.swift */ = {isa = PBXFileReference; lastKnownFileType = sourcecode.swift; path = TransactionItemsQueryFlowCoordinating.swift; sourceTree = "<group>"; };
		2721BA542986E80100FB68D2 /* MockTransactionItemsQueryLocalisation.swift */ = {isa = PBXFileReference; lastKnownFileType = sourcecode.swift; path = MockTransactionItemsQueryLocalisation.swift; sourceTree = "<group>"; };
		2721BA562986E87900FB68D2 /* TransactionItemsQueryPresenterTests.swift */ = {isa = PBXFileReference; lastKnownFileType = sourcecode.swift; path = TransactionItemsQueryPresenterTests.swift; sourceTree = "<group>"; };
		2721BA582987029400FB68D2 /* MultiTransactionCategoriesQueryBuilder.swift */ = {isa = PBXFileReference; lastKnownFileType = sourcecode.swift; path = MultiTransactionCategoriesQueryBuilder.swift; sourceTree = "<group>"; };
		2721BA5A298702AB00FB68D2 /* OneTransactionCategoryQueryBuilder.swift */ = {isa = PBXFileReference; lastKnownFileType = sourcecode.swift; path = OneTransactionCategoryQueryBuilder.swift; sourceTree = "<group>"; };
		2721BA5D2987030000FB68D2 /* MultiTransactionCategoriesQueryBuilderTests.swift */ = {isa = PBXFileReference; lastKnownFileType = sourcecode.swift; path = MultiTransactionCategoriesQueryBuilderTests.swift; sourceTree = "<group>"; };
		2721BA5F298703BC00FB68D2 /* OneTransactionCategoryQueryBuilderTests.swift */ = {isa = PBXFileReference; lastKnownFileType = sourcecode.swift; path = OneTransactionCategoryQueryBuilderTests.swift; sourceTree = "<group>"; };
		2721BA62298707CF00FB68D2 /* ActivityState.swift */ = {isa = PBXFileReference; lastKnownFileType = sourcecode.swift; path = ActivityState.swift; sourceTree = "<group>"; };
		2721BA642987083C00FB68D2 /* ActivityStatePublisher.swift */ = {isa = PBXFileReference; lastKnownFileType = sourcecode.swift; path = ActivityStatePublisher.swift; sourceTree = "<group>"; };
		2721BA662987105300FB68D2 /* CurrencyTransactionItemsViewData.swift */ = {isa = PBXFileReference; lastKnownFileType = sourcecode.swift; path = CurrencyTransactionItemsViewData.swift; sourceTree = "<group>"; };
		2721BA68298713CA00FB68D2 /* CurrencyTransactionItemsViewDataBuilder.swift */ = {isa = PBXFileReference; lastKnownFileType = sourcecode.swift; path = CurrencyTransactionItemsViewDataBuilder.swift; sourceTree = "<group>"; };
		2721BA6A298716F900FB68D2 /* TransactionItemsLocalisation.swift */ = {isa = PBXFileReference; lastKnownFileType = sourcecode.swift; path = TransactionItemsLocalisation.swift; sourceTree = "<group>"; };
		2721BA6C2987181000FB68D2 /* TransactionsFlowCoordinator.swift */ = {isa = PBXFileReference; lastKnownFileType = sourcecode.swift; path = TransactionsFlowCoordinator.swift; sourceTree = "<group>"; };
		2721BA6F298718CA00FB68D2 /* TransactionItemsPresenterTests.swift */ = {isa = PBXFileReference; lastKnownFileType = sourcecode.swift; path = TransactionItemsPresenterTests.swift; sourceTree = "<group>"; };
		2721BA7229871AA300FB68D2 /* MockDateFormatter.swift */ = {isa = PBXFileReference; lastKnownFileType = sourcecode.swift; path = MockDateFormatter.swift; sourceTree = "<group>"; };
		2721BA7429871B0900FB68D2 /* MockCurrencyFormatter.swift */ = {isa = PBXFileReference; lastKnownFileType = sourcecode.swift; path = MockCurrencyFormatter.swift; sourceTree = "<group>"; };
		2721BA7829872A0F00FB68D2 /* TransactionDetailsPresenter.swift */ = {isa = PBXFileReference; lastKnownFileType = sourcecode.swift; path = TransactionDetailsPresenter.swift; sourceTree = "<group>"; };
		2721BA7A29872B6A00FB68D2 /* TransactionDetailsViewData.swift */ = {isa = PBXFileReference; lastKnownFileType = sourcecode.swift; path = TransactionDetailsViewData.swift; sourceTree = "<group>"; };
		2721BA7C29872B7B00FB68D2 /* TransactionDetailsEventHandling.swift */ = {isa = PBXFileReference; lastKnownFileType = sourcecode.swift; path = TransactionDetailsEventHandling.swift; sourceTree = "<group>"; };
		2721BA7E29872B8800FB68D2 /* TransactionDetailsViewInterface.swift */ = {isa = PBXFileReference; lastKnownFileType = sourcecode.swift; path = TransactionDetailsViewInterface.swift; sourceTree = "<group>"; };
		2721BA8129872C2400FB68D2 /* TransactionDetailsPresenterTests.swift */ = {isa = PBXFileReference; lastKnownFileType = sourcecode.swift; path = TransactionDetailsPresenterTests.swift; sourceTree = "<group>"; };
		2721BA8929872DF800FB68D2 /* TransactionItemsViewController.swift */ = {isa = PBXFileReference; lastKnownFileType = sourcecode.swift; path = TransactionItemsViewController.swift; sourceTree = "<group>"; };
		2721BA8B29872E1300FB68D2 /* TransactionItemsQueryViewController.swift */ = {isa = PBXFileReference; lastKnownFileType = sourcecode.swift; path = TransactionItemsQueryViewController.swift; sourceTree = "<group>"; };
		2721BA8D29872E3100FB68D2 /* TransactionDetailsViewController.swift */ = {isa = PBXFileReference; lastKnownFileType = sourcecode.swift; path = TransactionDetailsViewController.swift; sourceTree = "<group>"; };
		2721BA8F29872ECA00FB68D2 /* UIView+Extensions.swift */ = {isa = PBXFileReference; lastKnownFileType = sourcecode.swift; path = "UIView+Extensions.swift"; sourceTree = "<group>"; };
		2721BA9129872EFC00FB68D2 /* UIViewController+Extensions.swift */ = {isa = PBXFileReference; lastKnownFileType = sourcecode.swift; path = "UIViewController+Extensions.swift"; sourceTree = "<group>"; };
		2721BA9629872FD200FB68D2 /* JSONFileBasedTransactionItemRepository.swift */ = {isa = PBXFileReference; lastKnownFileType = sourcecode.swift; path = JSONFileBasedTransactionItemRepository.swift; sourceTree = "<group>"; };
		2721BA9829872FF100FB68D2 /* NetworkBasedTransactionItemRepository.swift */ = {isa = PBXFileReference; lastKnownFileType = sourcecode.swift; path = NetworkBasedTransactionItemRepository.swift; sourceTree = "<group>"; };
		2721BA9A298730AD00FB68D2 /* JSONFileLoader.swift */ = {isa = PBXFileReference; lastKnownFileType = sourcecode.swift; path = JSONFileLoader.swift; sourceTree = "<group>"; };
		2721BA9C2987310200FB68D2 /* PBTransactions.json */ = {isa = PBXFileReference; lastKnownFileType = text.json; path = PBTransactions.json; sourceTree = "<group>"; };
		2721BAA12987315400FB68D2 /* TransactionItemsResponse.swift */ = {isa = PBXFileReference; lastKnownFileType = sourcecode.swift; path = TransactionItemsResponse.swift; sourceTree = "<group>"; };
		2721BAA4298731A800FB68D2 /* DecimalDecoder.swift */ = {isa = PBXFileReference; lastKnownFileType = sourcecode.swift; path = DecimalDecoder.swift; sourceTree = "<group>"; };
		2721BAA62987330F00FB68D2 /* Bundle+Current.swift */ = {isa = PBXFileReference; lastKnownFileType = sourcecode.swift; path = "Bundle+Current.swift"; sourceTree = "<group>"; };
		2721BAA92987361200FB68D2 /* TransactionItemsMapper.swift */ = {isa = PBXFileReference; lastKnownFileType = sourcecode.swift; path = TransactionItemsMapper.swift; sourceTree = "<group>"; };
		2721BAAB29873BC800FB68D2 /* TransactionItemsViewFactory.swift */ = {isa = PBXFileReference; lastKnownFileType = sourcecode.swift; path = TransactionItemsViewFactory.swift; sourceTree = "<group>"; };
		2721BAAD2987A80100FB68D2 /* TransactionDetailsViewFactory.swift */ = {isa = PBXFileReference; lastKnownFileType = sourcecode.swift; path = TransactionDetailsViewFactory.swift; sourceTree = "<group>"; };
		2721BAAF2987A84700FB68D2 /* TransactionItemsQueryViewFactory.swift */ = {isa = PBXFileReference; lastKnownFileType = sourcecode.swift; path = TransactionItemsQueryViewFactory.swift; sourceTree = "<group>"; };
		2721BAB12987A88A00FB68D2 /* CurrencyMapper.swift */ = {isa = PBXFileReference; lastKnownFileType = sourcecode.swift; path = CurrencyMapper.swift; sourceTree = "<group>"; };
		2721BAB32987A99100FB68D2 /* TransactionCategoryMapper.swift */ = {isa = PBXFileReference; lastKnownFileType = sourcecode.swift; path = TransactionCategoryMapper.swift; sourceTree = "<group>"; };
		2721BAB52987ADE300FB68D2 /* TransactionsAssembly.swift */ = {isa = PBXFileReference; lastKnownFileType = sourcecode.swift; path = TransactionsAssembly.swift; sourceTree = "<group>"; };
		2721BAB92987B1E300FB68D2 /* DefaultCurrencyFormatter.swift */ = {isa = PBXFileReference; lastKnownFileType = sourcecode.swift; path = DefaultCurrencyFormatter.swift; sourceTree = "<group>"; };
		2721BABB2987B1FB00FB68D2 /* DefaultDateFormatter.swift */ = {isa = PBXFileReference; lastKnownFileType = sourcecode.swift; path = DefaultDateFormatter.swift; sourceTree = "<group>"; };
		2721BAC02987DFA400FB68D2 /* JSONFileLoaderTests.swift */ = {isa = PBXFileReference; lastKnownFileType = sourcecode.swift; path = JSONFileLoaderTests.swift; sourceTree = "<group>"; };
		2721BAC22987E23A00FB68D2 /* test-transactions-response.json */ = {isa = PBXFileReference; lastKnownFileType = text.json; path = "test-transactions-response.json"; sourceTree = "<group>"; };
		2721BAC82987E5AD00FB68D2 /* TransactionItemsMapperTests.swift */ = {isa = PBXFileReference; lastKnownFileType = sourcecode.swift; path = TransactionItemsMapperTests.swift; sourceTree = "<group>"; };
		2721BACA2987E8AA00FB68D2 /* TransactionCategoryMapperTests.swift */ = {isa = PBXFileReference; lastKnownFileType = sourcecode.swift; path = TransactionCategoryMapperTests.swift; sourceTree = "<group>"; };
		2721BACC2987E9D000FB68D2 /* CurrencyMapperTests.swift */ = {isa = PBXFileReference; lastKnownFileType = sourcecode.swift; path = CurrencyMapperTests.swift; sourceTree = "<group>"; };
		2721BACF2987F01800FB68D2 /* TableViewController.swift */ = {isa = PBXFileReference; lastKnownFileType = sourcecode.swift; path = TableViewController.swift; sourceTree = "<group>"; };
		2721BAD32987F2E100FB68D2 /* AlertViewController.swift */ = {isa = PBXFileReference; lastKnownFileType = sourcecode.swift; path = AlertViewController.swift; sourceTree = "<group>"; };
		2721BAD62987F82B00FB68D2 /* Reusable.swift */ = {isa = PBXFileReference; lastKnownFileType = sourcecode.swift; path = Reusable.swift; sourceTree = "<group>"; };
		2721BAD82987F88C00FB68D2 /* UITableVIew+Reusable.swift */ = {isa = PBXFileReference; lastKnownFileType = sourcecode.swift; path = "UITableVIew+Reusable.swift"; sourceTree = "<group>"; };
		2721BADC2987FB7400FB68D2 /* ApplicationLocalisation.swift */ = {isa = PBXFileReference; lastKnownFileType = sourcecode.swift; path = ApplicationLocalisation.swift; sourceTree = "<group>"; };
		2721BADE2987FC1E00FB68D2 /* ApplicationLocalisation+AlertLocalisation.swift */ = {isa = PBXFileReference; lastKnownFileType = sourcecode.swift; path = "ApplicationLocalisation+AlertLocalisation.swift"; sourceTree = "<group>"; };
		2721BAE02987FD4F00FB68D2 /* ApplicationLocalisation+TransactionItemsLocalisation.swift */ = {isa = PBXFileReference; lastKnownFileType = sourcecode.swift; path = "ApplicationLocalisation+TransactionItemsLocalisation.swift"; sourceTree = "<group>"; };
		2721BAE22987FDFD00FB68D2 /* ApplicationLocalisation+TransactionItemsQueryLocalisation.swift */ = {isa = PBXFileReference; lastKnownFileType = sourcecode.swift; path = "ApplicationLocalisation+TransactionItemsQueryLocalisation.swift"; sourceTree = "<group>"; };
/* End PBXFileReference section */

/* Begin PBXFrameworksBuildPhase section */
		2721B98B298687A800FB68D2 /* Frameworks */ = {
			isa = PBXFrameworksBuildPhase;
			buildActionMask = 2147483647;
			files = (
			);
			runOnlyForDeploymentPostprocessing = 0;
		};
		2721B9A1298687AA00FB68D2 /* Frameworks */ = {
			isa = PBXFrameworksBuildPhase;
			buildActionMask = 2147483647;
			files = (
			);
			runOnlyForDeploymentPostprocessing = 0;
		};
		2721B9AB298687AA00FB68D2 /* Frameworks */ = {
			isa = PBXFrameworksBuildPhase;
			buildActionMask = 2147483647;
			files = (
			);
			runOnlyForDeploymentPostprocessing = 0;
		};
/* End PBXFrameworksBuildPhase section */

/* Begin PBXGroup section */
		2721B985298687A800FB68D2 = {
			isa = PBXGroup;
			children = (
				2721B990298687A800FB68D2 /* WorldOfPAYBACK */,
				2721B9A7298687AA00FB68D2 /* WorldOfPAYBACKTests */,
				2721B9B1298687AA00FB68D2 /* WorldOfPAYBACKUITests */,
				2721B98F298687A800FB68D2 /* Products */,
			);
			sourceTree = "<group>";
		};
		2721B98F298687A800FB68D2 /* Products */ = {
			isa = PBXGroup;
			children = (
				2721B98E298687A800FB68D2 /* WorldOfPAYBACK.app */,
				2721B9A4298687AA00FB68D2 /* WorldOfPAYBACKTests.xctest */,
				2721B9AE298687AA00FB68D2 /* WorldOfPAYBACKUITests.xctest */,
			);
			name = Products;
			sourceTree = "<group>";
		};
		2721B990298687A800FB68D2 /* WorldOfPAYBACK */ = {
			isa = PBXGroup;
			children = (
				2721B9C32986897F00FB68D2 /* Shared */,
				2721B9C22986897500FB68D2 /* Application */,
				2721B9C12986896700FB68D2 /* Features */,
				2721B991298687A800FB68D2 /* AppDelegate.swift */,
				2721B995298687A800FB68D2 /* ViewController.swift */,
				2721B99A298687AA00FB68D2 /* Assets.xcassets */,
				2721B99C298687AA00FB68D2 /* LaunchScreen.storyboard */,
				2721B99F298687AA00FB68D2 /* Info.plist */,
			);
			path = WorldOfPAYBACK;
			sourceTree = "<group>";
		};
		2721B9A7298687AA00FB68D2 /* WorldOfPAYBACKTests */ = {
			isa = PBXGroup;
			children = (
				2721BAC52987E51C00FB68D2 /* Shared */,
				2721B9EF2986907800FB68D2 /* Application */,
				2721BA1329869E1F00FB68D2 /* Features */,
				2721B9A8298687AA00FB68D2 /* WorldOfPAYBACKTests.swift */,
			);
			path = WorldOfPAYBACKTests;
			sourceTree = "<group>";
		};
		2721B9B1298687AA00FB68D2 /* WorldOfPAYBACKUITests */ = {
			isa = PBXGroup;
			children = (
				2721B9B2298687AA00FB68D2 /* WorldOfPAYBACKUITests.swift */,
				2721B9B4298687AA00FB68D2 /* WorldOfPAYBACKUITestsLaunchTests.swift */,
			);
			path = WorldOfPAYBACKUITests;
			sourceTree = "<group>";
		};
		2721B9C12986896700FB68D2 /* Features */ = {
			isa = PBXGroup;
			children = (
				2721B9F7298692BB00FB68D2 /* Transactions */,
			);
			path = Features;
			sourceTree = "<group>";
		};
		2721B9C22986897500FB68D2 /* Application */ = {
			isa = PBXGroup;
			children = (
				2721BADA2987FB5100FB68D2 /* Capabilities */,
				2721B9E729868F4000FB68D2 /* Models */,
				2721B9E429868E7E00FB68D2 /* ApplicationAssembly.swift */,
			);
			path = Application;
			sourceTree = "<group>";
		};
		2721B9C32986897F00FB68D2 /* Shared */ = {
			isa = PBXGroup;
			children = (
				2721BACE2987F00900FB68D2 /* Views */,
				2721B9C52986898C00FB68D2 /* Extensions */,
				2721B9C42986898500FB68D2 /* Utilities */,
			);
			path = Shared;
			sourceTree = "<group>";
		};
		2721B9C42986898500FB68D2 /* Utilities */ = {
			isa = PBXGroup;
			children = (
				2721BA61298707B900FB68D2 /* Activity */,
				2721B9CB29868CF200FB68D2 /* AsyncTransformer */,
				2721BA352986C4ED00FB68D2 /* CurrencyFormatter */,
				2721BA362986C4F600FB68D2 /* DateFormatter */,
				2721BAA32987317900FB68D2 /* Decoders */,
				2721B9C629868A2B00FB68D2 /* DI */,
				2721BAC42987E50300FB68D2 /* JSONFileLoader */,
				2721BAD52987F81D00FB68D2 /* Reusable */,
				2721B9C929868AC300FB68D2 /* Support.swift */,
				2721B9E229868DB500FB68D2 /* Completion.swift */,
			);
			path = Utilities;
			sourceTree = "<group>";
		};
		2721B9C52986898C00FB68D2 /* Extensions */ = {
			isa = PBXGroup;
			children = (
				2721BAA62987330F00FB68D2 /* Bundle+Current.swift */,
				2721BA1D2986B74200FB68D2 /* Optional+Extensions.swift */,
				2721B9F52986921E00FB68D2 /* Result+Extensions.swift */,
				2721BA8F29872ECA00FB68D2 /* UIView+Extensions.swift */,
				2721BA9129872EFC00FB68D2 /* UIViewController+Extensions.swift */,
			);
			path = Extensions;
			sourceTree = "<group>";
		};
		2721B9C629868A2B00FB68D2 /* DI */ = {
			isa = PBXGroup;
			children = (
				2721B9C729868A3A00FB68D2 /* Container.swift */,
			);
			path = DI;
			sourceTree = "<group>";
		};
		2721B9CB29868CF200FB68D2 /* AsyncTransformer */ = {
			isa = PBXGroup;
			children = (
				2721B9D329868D2200FB68D2 /* Cancelables */,
				2721B9CC29868D2200FB68D2 /* Transforms */,
			);
			path = AsyncTransformer;
			sourceTree = "<group>";
		};
		2721B9CC29868D2200FB68D2 /* Transforms */ = {
			isa = PBXGroup;
			children = (
				2721B9CD29868D2200FB68D2 /* AsyncTransformer.swift */,
				2721B9CE29868D2200FB68D2 /* AsyncTransformable+Factories.swift */,
				2721B9CF29868D2200FB68D2 /* MapTrasformer.swift */,
				2721B9D029868D2200FB68D2 /* AsyncTransformable.swift */,
				2721B9D129868D2200FB68D2 /* AsyncTransformBlock.swift */,
				2721B9D229868D2200FB68D2 /* AsyncTransformable+Pipeline.swift */,
			);
			path = Transforms;
			sourceTree = "<group>";
		};
		2721B9D329868D2200FB68D2 /* Cancelables */ = {
			isa = PBXGroup;
			children = (
				2721B9D429868D2200FB68D2 /* Cancelable.swift */,
				2721B9D529868D2200FB68D2 /* CancelableBag.swift */,
				2721B9D629868D2200FB68D2 /* NoopCancelable.swift */,
				2721B9D729868D2200FB68D2 /* AnyCancelable.swift */,
			);
			path = Cancelables;
			sourceTree = "<group>";
		};
		2721B9E729868F4000FB68D2 /* Models */ = {
			isa = PBXGroup;
			children = (
				2721B9EA29868F5600FB68D2 /* Money */,
			);
			path = Models;
			sourceTree = "<group>";
		};
		2721B9EA29868F5600FB68D2 /* Money */ = {
			isa = PBXGroup;
			children = (
				2721B9ED29868F7800FB68D2 /* Amount.swift */,
				2721B9EB29868F6B00FB68D2 /* Currency.swift */,
				2721B9E829868F5100FB68D2 /* Money.swift */,
			);
			path = Money;
			sourceTree = "<group>";
		};
		2721B9EF2986907800FB68D2 /* Application */ = {
			isa = PBXGroup;
			children = (
				2721BA7129871A8E00FB68D2 /* Mocks */,
				2721B9F02986909100FB68D2 /* Core */,
			);
			path = Application;
			sourceTree = "<group>";
		};
		2721B9F02986909100FB68D2 /* Core */ = {
			isa = PBXGroup;
			children = (
				2721B9F12986909A00FB68D2 /* Models */,
			);
			path = Core;
			sourceTree = "<group>";
		};
		2721B9F12986909A00FB68D2 /* Models */ = {
			isa = PBXGroup;
			children = (
				2721B9F2298690A400FB68D2 /* Money */,
			);
			path = Models;
			sourceTree = "<group>";
		};
		2721B9F2298690A400FB68D2 /* Money */ = {
			isa = PBXGroup;
			children = (
				2721B9F3298690B200FB68D2 /* MoneyTests.swift */,
			);
			path = Money;
			sourceTree = "<group>";
		};
		2721B9F7298692BB00FB68D2 /* Transactions */ = {
			isa = PBXGroup;
			children = (
				2721B9F9298692D900FB68D2 /* Domain */,
				2721BA262986BD5100FB68D2 /* Presentation */,
				2721BA8329872D3A00FB68D2 /* Views */,
				2721BA8529872D6C00FB68D2 /* Infrastructure */,
				2721BA8429872D4500FB68D2 /* Factories */,
				2721BAB52987ADE300FB68D2 /* TransactionsAssembly.swift */,
			);
			path = Transactions;
			sourceTree = "<group>";
		};
		2721B9F9298692D900FB68D2 /* Domain */ = {
			isa = PBXGroup;
			children = (
				2721B9FA298692F500FB68D2 /* Models */,
				2721BA032986940500FB68D2 /* Handlers */,
			);
			path = Domain;
			sourceTree = "<group>";
		};
		2721B9FA298692F500FB68D2 /* Models */ = {
			isa = PBXGroup;
			children = (
				2721BA12298698A400FB68D2 /* Calculators */,
				2721B9FD2986934200FB68D2 /* TransactionCategory.swift */,
				2721B9FB2986931300FB68D2 /* TransactionItem.swift */,
				2721BA0C2986950C00FB68D2 /* TransactionItemsWithSum.swift */,
				2721BA01298693D300FB68D2 /* TransactionItemsQuery.swift */,
				2721B9FF298693B400FB68D2 /* TransactionItemRepository.swift */,
			);
			path = Models;
			sourceTree = "<group>";
		};
		2721BA032986940500FB68D2 /* Handlers */ = {
			isa = PBXGroup;
			children = (
				2721BA042986943300FB68D2 /* SumOfAllTransactionsHandling.swift */,
				2721BA062986946C00FB68D2 /* SumOfAllTransactionsHandler.swift */,
				2721BA0A298694ED00FB68D2 /* FetchAndSumTransactionsHandling.swift */,
				2721BA0E298695A000FB68D2 /* FetchAndSumTransactionsHandler.swift */,
			);
			path = Handlers;
			sourceTree = "<group>";
		};
		2721BA12298698A400FB68D2 /* Calculators */ = {
			isa = PBXGroup;
			children = (
				2721BA082986949B00FB68D2 /* CalculatedTransactions.swift */,
				2721BA102986963000FB68D2 /* TransactionsSumByCurrencyCalculator.swift */,
			);
			path = Calculators;
			sourceTree = "<group>";
		};
		2721BA1329869E1F00FB68D2 /* Features */ = {
			isa = PBXGroup;
			children = (
				2721BA1429869E5F00FB68D2 /* Transactions */,
			);
			path = Features;
			sourceTree = "<group>";
		};
		2721BA1429869E5F00FB68D2 /* Transactions */ = {
			isa = PBXGroup;
			children = (
				2721BA182986A4E800FB68D2 /* Mocks */,
				2721BA502986E7C700FB68D2 /* Domain */,
				2721BA512986E7D300FB68D2 /* Presentation */,
				2721BABD2987DF4F00FB68D2 /* Infrastructure */,
			);
			path = Transactions;
			sourceTree = "<group>";
		};
		2721BA1529869E6C00FB68D2 /* Handlers */ = {
			isa = PBXGroup;
			children = (
				2721BA1F2986B89B00FB68D2 /* SumOfAllTransactionsTests.swift */,
				2721BA1629869E7C00FB68D2 /* FetchAndSumTransactionsHandlerTests.swift */,
			);
			path = Handlers;
			sourceTree = "<group>";
		};
		2721BA182986A4E800FB68D2 /* Mocks */ = {
			isa = PBXGroup;
			children = (
				2721BA192986A50300FB68D2 /* MockTransactionItemRepository.swift */,
				2721BA1B2986A5D800FB68D2 /* MockTransactionItemBuilder.swift */,
			);
			path = Mocks;
			sourceTree = "<group>";
		};
		2721BA212986BA1D00FB68D2 /* Models */ = {
			isa = PBXGroup;
			children = (
				2721BA222986BA2A00FB68D2 /* TransactionsSumByCurrencyCalculatorTests.swift */,
				2721BA242986BB4D00FB68D2 /* TransactionItemQueryTests.swift */,
			);
			path = Models;
			sourceTree = "<group>";
		};
		2721BA262986BD5100FB68D2 /* Presentation */ = {
			isa = PBXGroup;
			children = (
				2721BA77298729DE00FB68D2 /* TransactionDetails */,
				2721BA272986BD7100FB68D2 /* TransactionItems */,
				2721BA3B2986C70A00FB68D2 /* TransactionItemsQuery */,
			);
			path = Presentation;
			sourceTree = "<group>";
		};
		2721BA272986BD7100FB68D2 /* TransactionItems */ = {
			isa = PBXGroup;
			children = (
				2721BA322986C2E500FB68D2 /* ViewData */,
				2721BA6A298716F900FB68D2 /* TransactionItemsLocalisation.swift */,
				2721BA2C2986C2B200FB68D2 /* TransactionItemsFlowCoordinating.swift */,
				2721BA2E2986C2C100FB68D2 /* TransactionItemsEventHandling.swift */,
				2721BA302986C2D200FB68D2 /* TransactionItemsViewInterface.swift */,
				2721BA282986BDF600FB68D2 /* TransactionItemsPresenter.swift */,
			);
			path = TransactionItems;
			sourceTree = "<group>";
		};
		2721BA322986C2E500FB68D2 /* ViewData */ = {
			isa = PBXGroup;
			children = (
				2721BA2A2986C2A000FB68D2 /* TransactionItemViewData.swift */,
				2721BA332986C34500FB68D2 /* TransactionItemViewDataBuilder.swift */,
				2721BA662987105300FB68D2 /* CurrencyTransactionItemsViewData.swift */,
				2721BA68298713CA00FB68D2 /* CurrencyTransactionItemsViewDataBuilder.swift */,
			);
			path = ViewData;
			sourceTree = "<group>";
		};
		2721BA352986C4ED00FB68D2 /* CurrencyFormatter */ = {
			isa = PBXGroup;
			children = (
				2721BA392986C57B00FB68D2 /* CurrencyFormatting.swift */,
				2721BAB92987B1E300FB68D2 /* DefaultCurrencyFormatter.swift */,
			);
			path = CurrencyFormatter;
			sourceTree = "<group>";
		};
		2721BA362986C4F600FB68D2 /* DateFormatter */ = {
			isa = PBXGroup;
			children = (
				2721BA372986C52900FB68D2 /* DateFormatting.swift */,
				2721BABB2987B1FB00FB68D2 /* DefaultDateFormatter.swift */,
			);
			path = DateFormatter;
			sourceTree = "<group>";
		};
		2721BA3B2986C70A00FB68D2 /* TransactionItemsQuery */ = {
			isa = PBXGroup;
			children = (
				2721BA4B2986DB6300FB68D2 /* Models */,
				2721BA3E2986D7F400FB68D2 /* ViewData */,
				2721BA4C2986DFBD00FB68D2 /* TransactionItemsQueryLocalisation.swift */,
				2721BA4E2986E03800FB68D2 /* TransactionItemsQueryFlowCoordinating.swift */,
				2721BA432986D96800FB68D2 /* TransactionItemsQueryEventHandling.swift */,
				2721BA412986D94900FB68D2 /* TransactionItemsQueryViewInterface.swift */,
				2721BA472986D99000FB68D2 /* TransactionItemsQueryPresenter.swift */,
			);
			path = TransactionItemsQuery;
			sourceTree = "<group>";
		};
		2721BA3E2986D7F400FB68D2 /* ViewData */ = {
			isa = PBXGroup;
			children = (
				2721BA3F2986D92D00FB68D2 /* TransactionItemsQueryViewData.swift */,
				2721BA492986DB4200FB68D2 /* TransactionItemsQueryViewDataBuilder.swift */,
			);
			path = ViewData;
			sourceTree = "<group>";
		};
		2721BA4B2986DB6300FB68D2 /* Models */ = {
			isa = PBXGroup;
			children = (
				2721BA3C2986C71D00FB68D2 /* TransactionItemsQueryBuilder.swift */,
				2721BA582987029400FB68D2 /* MultiTransactionCategoriesQueryBuilder.swift */,
				2721BA5A298702AB00FB68D2 /* OneTransactionCategoryQueryBuilder.swift */,
			);
			path = Models;
			sourceTree = "<group>";
		};
		2721BA502986E7C700FB68D2 /* Domain */ = {
			isa = PBXGroup;
			children = (
				2721BA212986BA1D00FB68D2 /* Models */,
				2721BA1529869E6C00FB68D2 /* Handlers */,
			);
			path = Domain;
			sourceTree = "<group>";
		};
		2721BA512986E7D300FB68D2 /* Presentation */ = {
			isa = PBXGroup;
			children = (
				2721BA532986E7F500FB68D2 /* Mocks */,
				2721BA8029872BC700FB68D2 /* TransactionDetails */,
				2721BA6E298718B200FB68D2 /* TransactionItems */,
				2721BA522986E7E200FB68D2 /* TransactionItemsQuery */,
			);
			path = Presentation;
			sourceTree = "<group>";
		};
		2721BA522986E7E200FB68D2 /* TransactionItemsQuery */ = {
			isa = PBXGroup;
			children = (
				2721BA5C298702F200FB68D2 /* Models */,
				2721BA562986E87900FB68D2 /* TransactionItemsQueryPresenterTests.swift */,
			);
			path = TransactionItemsQuery;
			sourceTree = "<group>";
		};
		2721BA532986E7F500FB68D2 /* Mocks */ = {
			isa = PBXGroup;
			children = (
				2721BA542986E80100FB68D2 /* MockTransactionItemsQueryLocalisation.swift */,
			);
			path = Mocks;
			sourceTree = "<group>";
		};
		2721BA5C298702F200FB68D2 /* Models */ = {
			isa = PBXGroup;
			children = (
				2721BA5D2987030000FB68D2 /* MultiTransactionCategoriesQueryBuilderTests.swift */,
				2721BA5F298703BC00FB68D2 /* OneTransactionCategoryQueryBuilderTests.swift */,
			);
			path = Models;
			sourceTree = "<group>";
		};
		2721BA61298707B900FB68D2 /* Activity */ = {
			isa = PBXGroup;
			children = (
				2721BA62298707CF00FB68D2 /* ActivityState.swift */,
				2721BA642987083C00FB68D2 /* ActivityStatePublisher.swift */,
			);
			path = Activity;
			sourceTree = "<group>";
		};
		2721BA6E298718B200FB68D2 /* TransactionItems */ = {
			isa = PBXGroup;
			children = (
				2721BA6F298718CA00FB68D2 /* TransactionItemsPresenterTests.swift */,
			);
			path = TransactionItems;
			sourceTree = "<group>";
		};
		2721BA7129871A8E00FB68D2 /* Mocks */ = {
			isa = PBXGroup;
			children = (
				2721BA7229871AA300FB68D2 /* MockDateFormatter.swift */,
				2721BA7429871B0900FB68D2 /* MockCurrencyFormatter.swift */,
			);
			path = Mocks;
			sourceTree = "<group>";
		};
		2721BA77298729DE00FB68D2 /* TransactionDetails */ = {
			isa = PBXGroup;
			children = (
				2721BA7A29872B6A00FB68D2 /* TransactionDetailsViewData.swift */,
				2721BA7C29872B7B00FB68D2 /* TransactionDetailsEventHandling.swift */,
				2721BA7E29872B8800FB68D2 /* TransactionDetailsViewInterface.swift */,
				2721BA7829872A0F00FB68D2 /* TransactionDetailsPresenter.swift */,
			);
			path = TransactionDetails;
			sourceTree = "<group>";
		};
		2721BA8029872BC700FB68D2 /* TransactionDetails */ = {
			isa = PBXGroup;
			children = (
				2721BA8129872C2400FB68D2 /* TransactionDetailsPresenterTests.swift */,
			);
			path = TransactionDetails;
			sourceTree = "<group>";
		};
		2721BA8329872D3A00FB68D2 /* Views */ = {
			isa = PBXGroup;
			children = (
				2721BA8629872DBA00FB68D2 /* TransactionDetails */,
				2721BA8729872DC300FB68D2 /* TransactionItems */,
				2721BA8829872DCD00FB68D2 /* TransactionItemsQuery */,
				2721BA6C2987181000FB68D2 /* TransactionsFlowCoordinator.swift */,
			);
			path = Views;
			sourceTree = "<group>";
		};
		2721BA8429872D4500FB68D2 /* Factories */ = {
			isa = PBXGroup;
			children = (
				2721BAAB29873BC800FB68D2 /* TransactionItemsViewFactory.swift */,
				2721BAAD2987A80100FB68D2 /* TransactionDetailsViewFactory.swift */,
				2721BAAF2987A84700FB68D2 /* TransactionItemsQueryViewFactory.swift */,
			);
			path = Factories;
			sourceTree = "<group>";
		};
		2721BA8529872D6C00FB68D2 /* Infrastructure */ = {
			isa = PBXGroup;
			children = (
				2721BA9329872FAB00FB68D2 /* Repositories */,
			);
			path = Infrastructure;
			sourceTree = "<group>";
		};
		2721BA8629872DBA00FB68D2 /* TransactionDetails */ = {
			isa = PBXGroup;
			children = (
				2721BA8D29872E3100FB68D2 /* TransactionDetailsViewController.swift */,
			);
			path = TransactionDetails;
			sourceTree = "<group>";
		};
		2721BA8729872DC300FB68D2 /* TransactionItems */ = {
			isa = PBXGroup;
			children = (
				2721BA8929872DF800FB68D2 /* TransactionItemsViewController.swift */,
			);
			path = TransactionItems;
			sourceTree = "<group>";
		};
		2721BA8829872DCD00FB68D2 /* TransactionItemsQuery */ = {
			isa = PBXGroup;
			children = (
				2721BA8B29872E1300FB68D2 /* TransactionItemsQueryViewController.swift */,
			);
			path = TransactionItemsQuery;
			sourceTree = "<group>";
		};
		2721BA9329872FAB00FB68D2 /* Repositories */ = {
			isa = PBXGroup;
			children = (
				2721BAA8298735F200FB68D2 /* Mappers */,
				2721BA9E2987313700FB68D2 /* Responses */,
				2721BA9529872FC100FB68D2 /* Network */,
				2721BA9429872FBA00FB68D2 /* JSONFile */,
			);
			path = Repositories;
			sourceTree = "<group>";
		};
		2721BA9429872FBA00FB68D2 /* JSONFile */ = {
			isa = PBXGroup;
			children = (
				2721BA9629872FD200FB68D2 /* JSONFileBasedTransactionItemRepository.swift */,
				2721BA9C2987310200FB68D2 /* PBTransactions.json */,
			);
			path = JSONFile;
			sourceTree = "<group>";
		};
		2721BA9529872FC100FB68D2 /* Network */ = {
			isa = PBXGroup;
			children = (
				2721BA9829872FF100FB68D2 /* NetworkBasedTransactionItemRepository.swift */,
			);
			path = Network;
			sourceTree = "<group>";
		};
		2721BA9E2987313700FB68D2 /* Responses */ = {
			isa = PBXGroup;
			children = (
				2721BAA12987315400FB68D2 /* TransactionItemsResponse.swift */,
			);
			path = Responses;
			sourceTree = "<group>";
		};
		2721BAA32987317900FB68D2 /* Decoders */ = {
			isa = PBXGroup;
			children = (
				2721BAA4298731A800FB68D2 /* DecimalDecoder.swift */,
			);
			path = Decoders;
			sourceTree = "<group>";
		};
		2721BAA8298735F200FB68D2 /* Mappers */ = {
			isa = PBXGroup;
			children = (
				2721BAA92987361200FB68D2 /* TransactionItemsMapper.swift */,
				2721BAB32987A99100FB68D2 /* TransactionCategoryMapper.swift */,
				2721BAB12987A88A00FB68D2 /* CurrencyMapper.swift */,
			);
			path = Mappers;
			sourceTree = "<group>";
		};
		2721BABD2987DF4F00FB68D2 /* Infrastructure */ = {
			isa = PBXGroup;
			children = (
				2721BABE2987DF7200FB68D2 /* Repositories */,
			);
			path = Infrastructure;
			sourceTree = "<group>";
		};
		2721BABE2987DF7200FB68D2 /* Repositories */ = {
			isa = PBXGroup;
			children = (
				2721BAC72987E54100FB68D2 /* Mappers */,
			);
			path = Repositories;
			sourceTree = "<group>";
		};
		2721BABF2987DF8300FB68D2 /* JSONFileLoader */ = {
			isa = PBXGroup;
			children = (
				2721BAC02987DFA400FB68D2 /* JSONFileLoaderTests.swift */,
				2721BAC22987E23A00FB68D2 /* test-transactions-response.json */,
			);
			path = JSONFileLoader;
			sourceTree = "<group>";
		};
		2721BAC42987E50300FB68D2 /* JSONFileLoader */ = {
			isa = PBXGroup;
			children = (
				2721BA9A298730AD00FB68D2 /* JSONFileLoader.swift */,
			);
			path = JSONFileLoader;
			sourceTree = "<group>";
		};
		2721BAC52987E51C00FB68D2 /* Shared */ = {
			isa = PBXGroup;
			children = (
				2721BAC62987E52200FB68D2 /* Utilities */,
			);
			path = Shared;
			sourceTree = "<group>";
		};
		2721BAC62987E52200FB68D2 /* Utilities */ = {
			isa = PBXGroup;
			children = (
				2721BABF2987DF8300FB68D2 /* JSONFileLoader */,
			);
			path = Utilities;
			sourceTree = "<group>";
		};
		2721BAC72987E54100FB68D2 /* Mappers */ = {
			isa = PBXGroup;
			children = (
				2721BAC82987E5AD00FB68D2 /* TransactionItemsMapperTests.swift */,
				2721BACA2987E8AA00FB68D2 /* TransactionCategoryMapperTests.swift */,
				2721BACC2987E9D000FB68D2 /* CurrencyMapperTests.swift */,
			);
			path = Mappers;
			sourceTree = "<group>";
		};
		2721BACE2987F00900FB68D2 /* Views */ = {
			isa = PBXGroup;
			children = (
				2721BACF2987F01800FB68D2 /* TableViewController.swift */,
				2721BAD32987F2E100FB68D2 /* AlertViewController.swift */,
			);
			path = Views;
			sourceTree = "<group>";
		};
		2721BAD52987F81D00FB68D2 /* Reusable */ = {
			isa = PBXGroup;
			children = (
				2721BAD62987F82B00FB68D2 /* Reusable.swift */,
				2721BAD82987F88C00FB68D2 /* UITableVIew+Reusable.swift */,
			);
			path = Reusable;
			sourceTree = "<group>";
		};
		2721BADA2987FB5100FB68D2 /* Capabilities */ = {
			isa = PBXGroup;
			children = (
				2721BADB2987FB6600FB68D2 /* Localisation */,
			);
			path = Capabilities;
			sourceTree = "<group>";
		};
		2721BADB2987FB6600FB68D2 /* Localisation */ = {
			isa = PBXGroup;
			children = (
				2721BADC2987FB7400FB68D2 /* ApplicationLocalisation.swift */,
				2721BADE2987FC1E00FB68D2 /* ApplicationLocalisation+AlertLocalisation.swift */,
				2721BAE02987FD4F00FB68D2 /* ApplicationLocalisation+TransactionItemsLocalisation.swift */,
				2721BAE22987FDFD00FB68D2 /* ApplicationLocalisation+TransactionItemsQueryLocalisation.swift */,
			);
			path = Localisation;
			sourceTree = "<group>";
		};
/* End PBXGroup section */

/* Begin PBXNativeTarget section */
		2721B98D298687A800FB68D2 /* WorldOfPAYBACK */ = {
			isa = PBXNativeTarget;
			buildConfigurationList = 2721B9B8298687AA00FB68D2 /* Build configuration list for PBXNativeTarget "WorldOfPAYBACK" */;
			buildPhases = (
				2721B98A298687A800FB68D2 /* Sources */,
				2721B98B298687A800FB68D2 /* Frameworks */,
				2721B98C298687A800FB68D2 /* Resources */,
			);
			buildRules = (
			);
			dependencies = (
			);
			name = WorldOfPAYBACK;
			productName = WorldOfPAYBACK;
			productReference = 2721B98E298687A800FB68D2 /* WorldOfPAYBACK.app */;
			productType = "com.apple.product-type.application";
		};
		2721B9A3298687AA00FB68D2 /* WorldOfPAYBACKTests */ = {
			isa = PBXNativeTarget;
			buildConfigurationList = 2721B9BB298687AA00FB68D2 /* Build configuration list for PBXNativeTarget "WorldOfPAYBACKTests" */;
			buildPhases = (
				2721B9A0298687AA00FB68D2 /* Sources */,
				2721B9A1298687AA00FB68D2 /* Frameworks */,
				2721B9A2298687AA00FB68D2 /* Resources */,
			);
			buildRules = (
			);
			dependencies = (
				2721B9A6298687AA00FB68D2 /* PBXTargetDependency */,
			);
			name = WorldOfPAYBACKTests;
			productName = WorldOfPAYBACKTests;
			productReference = 2721B9A4298687AA00FB68D2 /* WorldOfPAYBACKTests.xctest */;
			productType = "com.apple.product-type.bundle.unit-test";
		};
		2721B9AD298687AA00FB68D2 /* WorldOfPAYBACKUITests */ = {
			isa = PBXNativeTarget;
			buildConfigurationList = 2721B9BE298687AA00FB68D2 /* Build configuration list for PBXNativeTarget "WorldOfPAYBACKUITests" */;
			buildPhases = (
				2721B9AA298687AA00FB68D2 /* Sources */,
				2721B9AB298687AA00FB68D2 /* Frameworks */,
				2721B9AC298687AA00FB68D2 /* Resources */,
			);
			buildRules = (
			);
			dependencies = (
				2721B9B0298687AA00FB68D2 /* PBXTargetDependency */,
			);
			name = WorldOfPAYBACKUITests;
			productName = WorldOfPAYBACKUITests;
			productReference = 2721B9AE298687AA00FB68D2 /* WorldOfPAYBACKUITests.xctest */;
			productType = "com.apple.product-type.bundle.ui-testing";
		};
/* End PBXNativeTarget section */

/* Begin PBXProject section */
		2721B986298687A800FB68D2 /* Project object */ = {
			isa = PBXProject;
			attributes = {
				BuildIndependentTargetsInParallel = 1;
				LastSwiftUpdateCheck = 1320;
				LastUpgradeCheck = 1320;
				TargetAttributes = {
					2721B98D298687A800FB68D2 = {
						CreatedOnToolsVersion = 13.2.1;
					};
					2721B9A3298687AA00FB68D2 = {
						CreatedOnToolsVersion = 13.2.1;
						TestTargetID = 2721B98D298687A800FB68D2;
					};
					2721B9AD298687AA00FB68D2 = {
						CreatedOnToolsVersion = 13.2.1;
						TestTargetID = 2721B98D298687A800FB68D2;
					};
				};
			};
			buildConfigurationList = 2721B989298687A800FB68D2 /* Build configuration list for PBXProject "WorldOfPAYBACK" */;
			compatibilityVersion = "Xcode 13.0";
			developmentRegion = en;
			hasScannedForEncodings = 0;
			knownRegions = (
				en,
				Base,
			);
			mainGroup = 2721B985298687A800FB68D2;
			productRefGroup = 2721B98F298687A800FB68D2 /* Products */;
			projectDirPath = "";
			projectRoot = "";
			targets = (
				2721B98D298687A800FB68D2 /* WorldOfPAYBACK */,
				2721B9A3298687AA00FB68D2 /* WorldOfPAYBACKTests */,
				2721B9AD298687AA00FB68D2 /* WorldOfPAYBACKUITests */,
			);
		};
/* End PBXProject section */

/* Begin PBXResourcesBuildPhase section */
		2721B98C298687A800FB68D2 /* Resources */ = {
			isa = PBXResourcesBuildPhase;
			buildActionMask = 2147483647;
			files = (
				2721B99E298687AA00FB68D2 /* LaunchScreen.storyboard in Resources */,
				2721BA9D2987310200FB68D2 /* PBTransactions.json in Resources */,
				2721B99B298687AA00FB68D2 /* Assets.xcassets in Resources */,
			);
			runOnlyForDeploymentPostprocessing = 0;
		};
		2721B9A2298687AA00FB68D2 /* Resources */ = {
			isa = PBXResourcesBuildPhase;
			buildActionMask = 2147483647;
			files = (
				2721BAC32987E23A00FB68D2 /* test-transactions-response.json in Resources */,
			);
			runOnlyForDeploymentPostprocessing = 0;
		};
		2721B9AC298687AA00FB68D2 /* Resources */ = {
			isa = PBXResourcesBuildPhase;
			buildActionMask = 2147483647;
			files = (
			);
			runOnlyForDeploymentPostprocessing = 0;
		};
/* End PBXResourcesBuildPhase section */

/* Begin PBXSourcesBuildPhase section */
		2721B98A298687A800FB68D2 /* Sources */ = {
			isa = PBXSourcesBuildPhase;
			buildActionMask = 2147483647;
			files = (
				2721BA9929872FF100FB68D2 /* NetworkBasedTransactionItemRepository.swift in Sources */,
				2721BA072986946C00FB68D2 /* SumOfAllTransactionsHandler.swift in Sources */,
				2721BA8C29872E1300FB68D2 /* TransactionItemsQueryViewController.swift in Sources */,
				2721BA9229872EFC00FB68D2 /* UIViewController+Extensions.swift in Sources */,
				2721B9EC29868F6B00FB68D2 /* Currency.swift in Sources */,
				2721BA4D2986DFBD00FB68D2 /* TransactionItemsQueryLocalisation.swift in Sources */,
				2721B9E329868DB500FB68D2 /* Completion.swift in Sources */,
				2721BA402986D92D00FB68D2 /* TransactionItemsQueryViewData.swift in Sources */,
				2721BA9029872ECA00FB68D2 /* UIView+Extensions.swift in Sources */,
				2721B9FE2986934200FB68D2 /* TransactionCategory.swift in Sources */,
				2721BA312986C2D200FB68D2 /* TransactionItemsViewInterface.swift in Sources */,
				2721B996298687A800FB68D2 /* ViewController.swift in Sources */,
				2721BABC2987B1FB00FB68D2 /* DefaultDateFormatter.swift in Sources */,
				2721BAAA2987361200FB68D2 /* TransactionItemsMapper.swift in Sources */,
				2721B9EE29868F7800FB68D2 /* Amount.swift in Sources */,
				2721BA442986D96800FB68D2 /* TransactionItemsQueryEventHandling.swift in Sources */,
				2721B9F62986921E00FB68D2 /* Result+Extensions.swift in Sources */,
				2721BA6D2987181000FB68D2 /* TransactionsFlowCoordinator.swift in Sources */,
				2721BA69298713CA00FB68D2 /* CurrencyTransactionItemsViewDataBuilder.swift in Sources */,
				2721B9DD29868D2200FB68D2 /* AsyncTransformable+Pipeline.swift in Sources */,
				2721BAAE2987A80100FB68D2 /* TransactionDetailsViewFactory.swift in Sources */,
				2721BA3A2986C57B00FB68D2 /* CurrencyFormatting.swift in Sources */,
				2721BA292986BDF700FB68D2 /* TransactionItemsPresenter.swift in Sources */,
				2721BAD72987F82B00FB68D2 /* Reusable.swift in Sources */,
				2721BA7F29872B8800FB68D2 /* TransactionDetailsViewInterface.swift in Sources */,
				2721BADF2987FC1E00FB68D2 /* ApplicationLocalisation+AlertLocalisation.swift in Sources */,
				2721BAE12987FD4F00FB68D2 /* ApplicationLocalisation+TransactionItemsLocalisation.swift in Sources */,
				2721BAAC29873BC800FB68D2 /* TransactionItemsViewFactory.swift in Sources */,
				2721B9E029868D2200FB68D2 /* NoopCancelable.swift in Sources */,
				2721BA0D2986950C00FB68D2 /* TransactionItemsWithSum.swift in Sources */,
				2721BA63298707CF00FB68D2 /* ActivityState.swift in Sources */,
				2721BA092986949B00FB68D2 /* CalculatedTransactions.swift in Sources */,
				2721BA02298693D300FB68D2 /* TransactionItemsQuery.swift in Sources */,
				2721BA052986943300FB68D2 /* SumOfAllTransactionsHandling.swift in Sources */,
				2721B9DF29868D2200FB68D2 /* CancelableBag.swift in Sources */,
				2721B9DE29868D2200FB68D2 /* Cancelable.swift in Sources */,
				2721BAB62987ADE300FB68D2 /* TransactionsAssembly.swift in Sources */,
				2721BA00298693B400FB68D2 /* TransactionItemRepository.swift in Sources */,
				2721BA672987105300FB68D2 /* CurrencyTransactionItemsViewData.swift in Sources */,
				2721B9DB29868D2200FB68D2 /* AsyncTransformable.swift in Sources */,
				2721BADD2987FB7400FB68D2 /* ApplicationLocalisation.swift in Sources */,
				2721BAA72987330F00FB68D2 /* Bundle+Current.swift in Sources */,
				2721BA5B298702AB00FB68D2 /* OneTransactionCategoryQueryBuilder.swift in Sources */,
				2721BA6B298716F900FB68D2 /* TransactionItemsLocalisation.swift in Sources */,
				2721BAA5298731A800FB68D2 /* DecimalDecoder.swift in Sources */,
				2721BAB42987A99100FB68D2 /* TransactionCategoryMapper.swift in Sources */,
				2721BA2D2986C2B200FB68D2 /* TransactionItemsFlowCoordinating.swift in Sources */,
				2721BAD92987F88C00FB68D2 /* UITableVIew+Reusable.swift in Sources */,
				2721BABA2987B1E300FB68D2 /* DefaultCurrencyFormatter.swift in Sources */,
				2721BA7D29872B7B00FB68D2 /* TransactionDetailsEventHandling.swift in Sources */,
				2721B9E929868F5100FB68D2 /* Money.swift in Sources */,
				2721BA4F2986E03800FB68D2 /* TransactionItemsQueryFlowCoordinating.swift in Sources */,
				2721B9CA29868AC300FB68D2 /* Support.swift in Sources */,
				2721BA0B298694ED00FB68D2 /* FetchAndSumTransactionsHandling.swift in Sources */,
				2721BA422986D94900FB68D2 /* TransactionItemsQueryViewInterface.swift in Sources */,
				2721B9E529868E7E00FB68D2 /* ApplicationAssembly.swift in Sources */,
				2721BA1E2986B74200FB68D2 /* Optional+Extensions.swift in Sources */,
				2721BAD02987F01800FB68D2 /* TableViewController.swift in Sources */,
				2721BA112986963000FB68D2 /* TransactionsSumByCurrencyCalculator.swift in Sources */,
				2721BAE32987FDFD00FB68D2 /* ApplicationLocalisation+TransactionItemsQueryLocalisation.swift in Sources */,
				2721BA4A2986DB4200FB68D2 /* TransactionItemsQueryViewDataBuilder.swift in Sources */,
				2721BA2B2986C2A000FB68D2 /* TransactionItemViewData.swift in Sources */,
				2721B9FC2986931300FB68D2 /* TransactionItem.swift in Sources */,
				2721BAA22987315400FB68D2 /* TransactionItemsResponse.swift in Sources */,
				2721B9DA29868D2200FB68D2 /* MapTrasformer.swift in Sources */,
				2721BA9B298730AD00FB68D2 /* JSONFileLoader.swift in Sources */,
				2721BAB22987A88A00FB68D2 /* CurrencyMapper.swift in Sources */,
				2721B9C829868A3A00FB68D2 /* Container.swift in Sources */,
				2721BA652987083C00FB68D2 /* ActivityStatePublisher.swift in Sources */,
				2721BA2F2986C2C100FB68D2 /* TransactionItemsEventHandling.swift in Sources */,
				2721BA8A29872DF800FB68D2 /* TransactionItemsViewController.swift in Sources */,
				2721BA342986C34500FB68D2 /* TransactionItemViewDataBuilder.swift in Sources */,
				2721B992298687A800FB68D2 /* AppDelegate.swift in Sources */,
				2721BA7929872A0F00FB68D2 /* TransactionDetailsPresenter.swift in Sources */,
				2721B9D929868D2200FB68D2 /* AsyncTransformable+Factories.swift in Sources */,
				2721BA382986C52900FB68D2 /* DateFormatting.swift in Sources */,
				2721BA7B29872B6A00FB68D2 /* TransactionDetailsViewData.swift in Sources */,
				2721BA8E29872E3100FB68D2 /* TransactionDetailsViewController.swift in Sources */,
				2721B9DC29868D2200FB68D2 /* AsyncTransformBlock.swift in Sources */,
				2721BAD42987F2E100FB68D2 /* AlertViewController.swift in Sources */,
				2721BA482986D99000FB68D2 /* TransactionItemsQueryPresenter.swift in Sources */,
				2721BAB02987A84700FB68D2 /* TransactionItemsQueryViewFactory.swift in Sources */,
				2721BA592987029400FB68D2 /* MultiTransactionCategoriesQueryBuilder.swift in Sources */,
				2721B9E129868D2200FB68D2 /* AnyCancelable.swift in Sources */,
				2721BA0F298695A000FB68D2 /* FetchAndSumTransactionsHandler.swift in Sources */,
				2721B9D829868D2200FB68D2 /* AsyncTransformer.swift in Sources */,
				2721BA3D2986C71D00FB68D2 /* TransactionItemsQueryBuilder.swift in Sources */,
				2721BA9729872FD200FB68D2 /* JSONFileBasedTransactionItemRepository.swift in Sources */,
			);
			runOnlyForDeploymentPostprocessing = 0;
		};
		2721B9A0298687AA00FB68D2 /* Sources */ = {
			isa = PBXSourcesBuildPhase;
			buildActionMask = 2147483647;
			files = (
				2721BA252986BB4D00FB68D2 /* TransactionItemQueryTests.swift in Sources */,
				2721B9F4298690B200FB68D2 /* MoneyTests.swift in Sources */,
				2721BA232986BA2A00FB68D2 /* TransactionsSumByCurrencyCalculatorTests.swift in Sources */,
				2721BACD2987E9D000FB68D2 /* CurrencyMapperTests.swift in Sources */,
				2721BA552986E80100FB68D2 /* MockTransactionItemsQueryLocalisation.swift in Sources */,
				2721BA7529871B0900FB68D2 /* MockCurrencyFormatter.swift in Sources */,
				2721BA7329871AA300FB68D2 /* MockDateFormatter.swift in Sources */,
				2721BA5E2987030000FB68D2 /* MultiTransactionCategoriesQueryBuilderTests.swift in Sources */,
				2721BA1A2986A50300FB68D2 /* MockTransactionItemRepository.swift in Sources */,
				2721BAC92987E5AD00FB68D2 /* TransactionItemsMapperTests.swift in Sources */,
				2721BA8229872C2400FB68D2 /* TransactionDetailsPresenterTests.swift in Sources */,
				2721BA1C2986A5D800FB68D2 /* MockTransactionItemBuilder.swift in Sources */,
				2721BACB2987E8AA00FB68D2 /* TransactionCategoryMapperTests.swift in Sources */,
				2721BA202986B89B00FB68D2 /* SumOfAllTransactionsTests.swift in Sources */,
				2721BA1729869E7C00FB68D2 /* FetchAndSumTransactionsHandlerTests.swift in Sources */,
				2721BA70298718CA00FB68D2 /* TransactionItemsPresenterTests.swift in Sources */,
				2721B9A9298687AA00FB68D2 /* WorldOfPAYBACKTests.swift in Sources */,
				2721BA60298703BC00FB68D2 /* OneTransactionCategoryQueryBuilderTests.swift in Sources */,
				2721BAC12987DFA500FB68D2 /* JSONFileLoaderTests.swift in Sources */,
				2721BA572986E87900FB68D2 /* TransactionItemsQueryPresenterTests.swift in Sources */,
			);
			runOnlyForDeploymentPostprocessing = 0;
		};
		2721B9AA298687AA00FB68D2 /* Sources */ = {
			isa = PBXSourcesBuildPhase;
			buildActionMask = 2147483647;
			files = (
				2721B9B5298687AA00FB68D2 /* WorldOfPAYBACKUITestsLaunchTests.swift in Sources */,
				2721B9B3298687AA00FB68D2 /* WorldOfPAYBACKUITests.swift in Sources */,
			);
			runOnlyForDeploymentPostprocessing = 0;
		};
/* End PBXSourcesBuildPhase section */

/* Begin PBXTargetDependency section */
		2721B9A6298687AA00FB68D2 /* PBXTargetDependency */ = {
			isa = PBXTargetDependency;
			target = 2721B98D298687A800FB68D2 /* WorldOfPAYBACK */;
			targetProxy = 2721B9A5298687AA00FB68D2 /* PBXContainerItemProxy */;
		};
		2721B9B0298687AA00FB68D2 /* PBXTargetDependency */ = {
			isa = PBXTargetDependency;
			target = 2721B98D298687A800FB68D2 /* WorldOfPAYBACK */;
			targetProxy = 2721B9AF298687AA00FB68D2 /* PBXContainerItemProxy */;
		};
/* End PBXTargetDependency section */

/* Begin PBXVariantGroup section */
		2721B99C298687AA00FB68D2 /* LaunchScreen.storyboard */ = {
			isa = PBXVariantGroup;
			children = (
				2721B99D298687AA00FB68D2 /* Base */,
			);
			name = LaunchScreen.storyboard;
			sourceTree = "<group>";
		};
/* End PBXVariantGroup section */

/* Begin XCBuildConfiguration section */
		2721B9B6298687AA00FB68D2 /* Debug */ = {
			isa = XCBuildConfiguration;
			buildSettings = {
				ALWAYS_SEARCH_USER_PATHS = NO;
				CLANG_ANALYZER_NONNULL = YES;
				CLANG_ANALYZER_NUMBER_OBJECT_CONVERSION = YES_AGGRESSIVE;
				CLANG_CXX_LANGUAGE_STANDARD = "gnu++17";
				CLANG_CXX_LIBRARY = "libc++";
				CLANG_ENABLE_MODULES = YES;
				CLANG_ENABLE_OBJC_ARC = YES;
				CLANG_ENABLE_OBJC_WEAK = YES;
				CLANG_WARN_BLOCK_CAPTURE_AUTORELEASING = YES;
				CLANG_WARN_BOOL_CONVERSION = YES;
				CLANG_WARN_COMMA = YES;
				CLANG_WARN_CONSTANT_CONVERSION = YES;
				CLANG_WARN_DEPRECATED_OBJC_IMPLEMENTATIONS = YES;
				CLANG_WARN_DIRECT_OBJC_ISA_USAGE = YES_ERROR;
				CLANG_WARN_DOCUMENTATION_COMMENTS = YES;
				CLANG_WARN_EMPTY_BODY = YES;
				CLANG_WARN_ENUM_CONVERSION = YES;
				CLANG_WARN_INFINITE_RECURSION = YES;
				CLANG_WARN_INT_CONVERSION = YES;
				CLANG_WARN_NON_LITERAL_NULL_CONVERSION = YES;
				CLANG_WARN_OBJC_IMPLICIT_RETAIN_SELF = YES;
				CLANG_WARN_OBJC_LITERAL_CONVERSION = YES;
				CLANG_WARN_OBJC_ROOT_CLASS = YES_ERROR;
				CLANG_WARN_QUOTED_INCLUDE_IN_FRAMEWORK_HEADER = YES;
				CLANG_WARN_RANGE_LOOP_ANALYSIS = YES;
				CLANG_WARN_STRICT_PROTOTYPES = YES;
				CLANG_WARN_SUSPICIOUS_MOVE = YES;
				CLANG_WARN_UNGUARDED_AVAILABILITY = YES_AGGRESSIVE;
				CLANG_WARN_UNREACHABLE_CODE = YES;
				CLANG_WARN__DUPLICATE_METHOD_MATCH = YES;
				COPY_PHASE_STRIP = NO;
				DEBUG_INFORMATION_FORMAT = dwarf;
				ENABLE_STRICT_OBJC_MSGSEND = YES;
				ENABLE_TESTABILITY = YES;
				GCC_C_LANGUAGE_STANDARD = gnu11;
				GCC_DYNAMIC_NO_PIC = NO;
				GCC_NO_COMMON_BLOCKS = YES;
				GCC_OPTIMIZATION_LEVEL = 0;
				GCC_PREPROCESSOR_DEFINITIONS = (
					"DEBUG=1",
					"$(inherited)",
				);
				GCC_WARN_64_TO_32_BIT_CONVERSION = YES;
				GCC_WARN_ABOUT_RETURN_TYPE = YES_ERROR;
				GCC_WARN_UNDECLARED_SELECTOR = YES;
				GCC_WARN_UNINITIALIZED_AUTOS = YES_AGGRESSIVE;
				GCC_WARN_UNUSED_FUNCTION = YES;
				GCC_WARN_UNUSED_VARIABLE = YES;
				IPHONEOS_DEPLOYMENT_TARGET = 12.0;
				MTL_ENABLE_DEBUG_INFO = INCLUDE_SOURCE;
				MTL_FAST_MATH = YES;
				ONLY_ACTIVE_ARCH = YES;
				SDKROOT = iphoneos;
				SWIFT_ACTIVE_COMPILATION_CONDITIONS = DEBUG;
				SWIFT_OPTIMIZATION_LEVEL = "-Onone";
			};
			name = Debug;
		};
		2721B9B7298687AA00FB68D2 /* Release */ = {
			isa = XCBuildConfiguration;
			buildSettings = {
				ALWAYS_SEARCH_USER_PATHS = NO;
				CLANG_ANALYZER_NONNULL = YES;
				CLANG_ANALYZER_NUMBER_OBJECT_CONVERSION = YES_AGGRESSIVE;
				CLANG_CXX_LANGUAGE_STANDARD = "gnu++17";
				CLANG_CXX_LIBRARY = "libc++";
				CLANG_ENABLE_MODULES = YES;
				CLANG_ENABLE_OBJC_ARC = YES;
				CLANG_ENABLE_OBJC_WEAK = YES;
				CLANG_WARN_BLOCK_CAPTURE_AUTORELEASING = YES;
				CLANG_WARN_BOOL_CONVERSION = YES;
				CLANG_WARN_COMMA = YES;
				CLANG_WARN_CONSTANT_CONVERSION = YES;
				CLANG_WARN_DEPRECATED_OBJC_IMPLEMENTATIONS = YES;
				CLANG_WARN_DIRECT_OBJC_ISA_USAGE = YES_ERROR;
				CLANG_WARN_DOCUMENTATION_COMMENTS = YES;
				CLANG_WARN_EMPTY_BODY = YES;
				CLANG_WARN_ENUM_CONVERSION = YES;
				CLANG_WARN_INFINITE_RECURSION = YES;
				CLANG_WARN_INT_CONVERSION = YES;
				CLANG_WARN_NON_LITERAL_NULL_CONVERSION = YES;
				CLANG_WARN_OBJC_IMPLICIT_RETAIN_SELF = YES;
				CLANG_WARN_OBJC_LITERAL_CONVERSION = YES;
				CLANG_WARN_OBJC_ROOT_CLASS = YES_ERROR;
				CLANG_WARN_QUOTED_INCLUDE_IN_FRAMEWORK_HEADER = YES;
				CLANG_WARN_RANGE_LOOP_ANALYSIS = YES;
				CLANG_WARN_STRICT_PROTOTYPES = YES;
				CLANG_WARN_SUSPICIOUS_MOVE = YES;
				CLANG_WARN_UNGUARDED_AVAILABILITY = YES_AGGRESSIVE;
				CLANG_WARN_UNREACHABLE_CODE = YES;
				CLANG_WARN__DUPLICATE_METHOD_MATCH = YES;
				COPY_PHASE_STRIP = NO;
				DEBUG_INFORMATION_FORMAT = "dwarf-with-dsym";
				ENABLE_NS_ASSERTIONS = NO;
				ENABLE_STRICT_OBJC_MSGSEND = YES;
				GCC_C_LANGUAGE_STANDARD = gnu11;
				GCC_NO_COMMON_BLOCKS = YES;
				GCC_WARN_64_TO_32_BIT_CONVERSION = YES;
				GCC_WARN_ABOUT_RETURN_TYPE = YES_ERROR;
				GCC_WARN_UNDECLARED_SELECTOR = YES;
				GCC_WARN_UNINITIALIZED_AUTOS = YES_AGGRESSIVE;
				GCC_WARN_UNUSED_FUNCTION = YES;
				GCC_WARN_UNUSED_VARIABLE = YES;
				IPHONEOS_DEPLOYMENT_TARGET = 12.0;
				MTL_ENABLE_DEBUG_INFO = NO;
				MTL_FAST_MATH = YES;
				SDKROOT = iphoneos;
				SWIFT_COMPILATION_MODE = wholemodule;
				SWIFT_OPTIMIZATION_LEVEL = "-O";
				VALIDATE_PRODUCT = YES;
			};
			name = Release;
		};
		2721B9B9298687AA00FB68D2 /* Debug */ = {
			isa = XCBuildConfiguration;
			buildSettings = {
				ASSETCATALOG_COMPILER_APPICON_NAME = AppIcon;
				ASSETCATALOG_COMPILER_GLOBAL_ACCENT_COLOR_NAME = AccentColor;
				CODE_SIGN_STYLE = Automatic;
				CURRENT_PROJECT_VERSION = 1;
				GENERATE_INFOPLIST_FILE = YES;
				INFOPLIST_FILE = WorldOfPAYBACK/Info.plist;
				INFOPLIST_KEY_UIApplicationSupportsIndirectInputEvents = YES;
				INFOPLIST_KEY_UILaunchStoryboardName = LaunchScreen;
				INFOPLIST_KEY_UISupportedInterfaceOrientations = UIInterfaceOrientationPortrait;
				INFOPLIST_KEY_UISupportedInterfaceOrientations_iPad = "UIInterfaceOrientationPortrait UIInterfaceOrientationPortraitUpsideDown UIInterfaceOrientationLandscapeLeft UIInterfaceOrientationLandscapeRight";
				INFOPLIST_KEY_UISupportedInterfaceOrientations_iPhone = "UIInterfaceOrientationPortrait UIInterfaceOrientationLandscapeLeft UIInterfaceOrientationLandscapeRight";
				LD_RUNPATH_SEARCH_PATHS = (
					"$(inherited)",
					"@executable_path/Frameworks",
				);
				MARKETING_VERSION = 1.0;
				PRODUCT_BUNDLE_IDENTIFIER = com.joachimkret.WorldOfPAYBACK;
				PRODUCT_NAME = "$(TARGET_NAME)";
				SWIFT_EMIT_LOC_STRINGS = YES;
				SWIFT_VERSION = 5.0;
				TARGETED_DEVICE_FAMILY = 1;
			};
			name = Debug;
		};
		2721B9BA298687AA00FB68D2 /* Release */ = {
			isa = XCBuildConfiguration;
			buildSettings = {
				ASSETCATALOG_COMPILER_APPICON_NAME = AppIcon;
				ASSETCATALOG_COMPILER_GLOBAL_ACCENT_COLOR_NAME = AccentColor;
				CODE_SIGN_STYLE = Automatic;
				CURRENT_PROJECT_VERSION = 1;
				GENERATE_INFOPLIST_FILE = YES;
				INFOPLIST_FILE = WorldOfPAYBACK/Info.plist;
				INFOPLIST_KEY_UIApplicationSupportsIndirectInputEvents = YES;
				INFOPLIST_KEY_UILaunchStoryboardName = LaunchScreen;
				INFOPLIST_KEY_UISupportedInterfaceOrientations = UIInterfaceOrientationPortrait;
				INFOPLIST_KEY_UISupportedInterfaceOrientations_iPad = "UIInterfaceOrientationPortrait UIInterfaceOrientationPortraitUpsideDown UIInterfaceOrientationLandscapeLeft UIInterfaceOrientationLandscapeRight";
				INFOPLIST_KEY_UISupportedInterfaceOrientations_iPhone = "UIInterfaceOrientationPortrait UIInterfaceOrientationLandscapeLeft UIInterfaceOrientationLandscapeRight";
				LD_RUNPATH_SEARCH_PATHS = (
					"$(inherited)",
					"@executable_path/Frameworks",
				);
				MARKETING_VERSION = 1.0;
				PRODUCT_BUNDLE_IDENTIFIER = com.joachimkret.WorldOfPAYBACK;
				PRODUCT_NAME = "$(TARGET_NAME)";
				SWIFT_EMIT_LOC_STRINGS = YES;
				SWIFT_VERSION = 5.0;
				TARGETED_DEVICE_FAMILY = 1;
			};
			name = Release;
		};
		2721B9BC298687AA00FB68D2 /* Debug */ = {
			isa = XCBuildConfiguration;
			buildSettings = {
				ALWAYS_EMBED_SWIFT_STANDARD_LIBRARIES = YES;
				BUNDLE_LOADER = "$(TEST_HOST)";
				CODE_SIGN_STYLE = Automatic;
				CURRENT_PROJECT_VERSION = 1;
				GENERATE_INFOPLIST_FILE = YES;
				IPHONEOS_DEPLOYMENT_TARGET = 15.2;
				MARKETING_VERSION = 1.0;
				PRODUCT_BUNDLE_IDENTIFIER = com.joachimkret.WorldOfPAYBACKTests;
				PRODUCT_NAME = "$(TARGET_NAME)";
				SWIFT_EMIT_LOC_STRINGS = NO;
				SWIFT_VERSION = 5.0;
				TARGETED_DEVICE_FAMILY = "1,2";
				TEST_HOST = "$(BUILT_PRODUCTS_DIR)/WorldOfPAYBACK.app/WorldOfPAYBACK";
			};
			name = Debug;
		};
		2721B9BD298687AA00FB68D2 /* Release */ = {
			isa = XCBuildConfiguration;
			buildSettings = {
				ALWAYS_EMBED_SWIFT_STANDARD_LIBRARIES = YES;
				BUNDLE_LOADER = "$(TEST_HOST)";
				CODE_SIGN_STYLE = Automatic;
				CURRENT_PROJECT_VERSION = 1;
				GENERATE_INFOPLIST_FILE = YES;
				IPHONEOS_DEPLOYMENT_TARGET = 15.2;
				MARKETING_VERSION = 1.0;
				PRODUCT_BUNDLE_IDENTIFIER = com.joachimkret.WorldOfPAYBACKTests;
				PRODUCT_NAME = "$(TARGET_NAME)";
				SWIFT_EMIT_LOC_STRINGS = NO;
				SWIFT_VERSION = 5.0;
				TARGETED_DEVICE_FAMILY = "1,2";
				TEST_HOST = "$(BUILT_PRODUCTS_DIR)/WorldOfPAYBACK.app/WorldOfPAYBACK";
			};
			name = Release;
		};
		2721B9BF298687AA00FB68D2 /* Debug */ = {
			isa = XCBuildConfiguration;
			buildSettings = {
				ALWAYS_EMBED_SWIFT_STANDARD_LIBRARIES = YES;
				CODE_SIGN_STYLE = Automatic;
				CURRENT_PROJECT_VERSION = 1;
				GENERATE_INFOPLIST_FILE = YES;
				MARKETING_VERSION = 1.0;
				PRODUCT_BUNDLE_IDENTIFIER = com.joachimkret.WorldOfPAYBACKUITests;
				PRODUCT_NAME = "$(TARGET_NAME)";
				SWIFT_EMIT_LOC_STRINGS = NO;
				SWIFT_VERSION = 5.0;
				TARGETED_DEVICE_FAMILY = "1,2";
				TEST_TARGET_NAME = WorldOfPAYBACK;
			};
			name = Debug;
		};
		2721B9C0298687AA00FB68D2 /* Release */ = {
			isa = XCBuildConfiguration;
			buildSettings = {
				ALWAYS_EMBED_SWIFT_STANDARD_LIBRARIES = YES;
				CODE_SIGN_STYLE = Automatic;
				CURRENT_PROJECT_VERSION = 1;
				GENERATE_INFOPLIST_FILE = YES;
				MARKETING_VERSION = 1.0;
				PRODUCT_BUNDLE_IDENTIFIER = com.joachimkret.WorldOfPAYBACKUITests;
				PRODUCT_NAME = "$(TARGET_NAME)";
				SWIFT_EMIT_LOC_STRINGS = NO;
				SWIFT_VERSION = 5.0;
				TARGETED_DEVICE_FAMILY = "1,2";
				TEST_TARGET_NAME = WorldOfPAYBACK;
			};
			name = Release;
		};
/* End XCBuildConfiguration section */

/* Begin XCConfigurationList section */
		2721B989298687A800FB68D2 /* Build configuration list for PBXProject "WorldOfPAYBACK" */ = {
			isa = XCConfigurationList;
			buildConfigurations = (
				2721B9B6298687AA00FB68D2 /* Debug */,
				2721B9B7298687AA00FB68D2 /* Release */,
			);
			defaultConfigurationIsVisible = 0;
			defaultConfigurationName = Release;
		};
		2721B9B8298687AA00FB68D2 /* Build configuration list for PBXNativeTarget "WorldOfPAYBACK" */ = {
			isa = XCConfigurationList;
			buildConfigurations = (
				2721B9B9298687AA00FB68D2 /* Debug */,
				2721B9BA298687AA00FB68D2 /* Release */,
			);
			defaultConfigurationIsVisible = 0;
			defaultConfigurationName = Release;
		};
		2721B9BB298687AA00FB68D2 /* Build configuration list for PBXNativeTarget "WorldOfPAYBACKTests" */ = {
			isa = XCConfigurationList;
			buildConfigurations = (
				2721B9BC298687AA00FB68D2 /* Debug */,
				2721B9BD298687AA00FB68D2 /* Release */,
			);
			defaultConfigurationIsVisible = 0;
			defaultConfigurationName = Release;
		};
		2721B9BE298687AA00FB68D2 /* Build configuration list for PBXNativeTarget "WorldOfPAYBACKUITests" */ = {
			isa = XCConfigurationList;
			buildConfigurations = (
				2721B9BF298687AA00FB68D2 /* Debug */,
				2721B9C0298687AA00FB68D2 /* Release */,
			);
			defaultConfigurationIsVisible = 0;
			defaultConfigurationName = Release;
		};
/* End XCConfigurationList section */
	};
	rootObject = 2721B986298687A800FB68D2 /* Project object */;
}
